// !$*UTF8*$!
{
	archiveVersion = 1;
	classes = {
	};
	objectVersion = 46;
	objects = {

/* Begin PBXBuildFile section */
		15C15946168315E500D239F2 /* HttpClient.cpp in Sources */ = {isa = PBXBuildFile; fileRef = 15C15904168315E500D239F2 /* HttpClient.cpp */; };
		15C64823165F391E007D4F18 /* Cocoa.framework in Frameworks */ = {isa = PBXBuildFile; fileRef = 15C64822165F391E007D4F18 /* Cocoa.framework */; };
		15C64825165F3934007D4F18 /* OpenGL.framework in Frameworks */ = {isa = PBXBuildFile; fileRef = 15C64824165F3934007D4F18 /* OpenGL.framework */; };
		15C64827165F394E007D4F18 /* QuartzCore.framework in Frameworks */ = {isa = PBXBuildFile; fileRef = 15C64826165F394E007D4F18 /* QuartzCore.framework */; };
		15C64829165F396B007D4F18 /* OpenAL.framework in Frameworks */ = {isa = PBXBuildFile; fileRef = 15C64828165F396B007D4F18 /* OpenAL.framework */; };
		15C6482B165F3979007D4F18 /* ApplicationServices.framework in Frameworks */ = {isa = PBXBuildFile; fileRef = 15C6482A165F3979007D4F18 /* ApplicationServices.framework */; };
		15C6482D165F3988007D4F18 /* AudioToolbox.framework in Frameworks */ = {isa = PBXBuildFile; fileRef = 15C6482C165F3988007D4F18 /* AudioToolbox.framework */; };
		15C6482F165F399D007D4F18 /* libz.dylib in Frameworks */ = {isa = PBXBuildFile; fileRef = 15C6482E165F399D007D4F18 /* libz.dylib */; };
		15C64831165F39AB007D4F18 /* libxml2.dylib in Frameworks */ = {isa = PBXBuildFile; fileRef = 15C64830165F39AB007D4F18 /* libxml2.dylib */; };
		15C64833165F3AFD007D4F18 /* Foundation.framework in Frameworks */ = {isa = PBXBuildFile; fileRef = 15C64832165F3AFD007D4F18 /* Foundation.framework */; };
		15C6498716633E65007D4F18 /* libcurl.a in Frameworks */ = {isa = PBXBuildFile; fileRef = 15C6498616633E65007D4F18 /* libcurl.a */; };
		15D8B23E168318C3006C7997 /* CDAudioManager.m in Sources */ = {isa = PBXBuildFile; fileRef = 15D8B233168318C3006C7997 /* CDAudioManager.m */; };
		15D8B23F168318C3006C7997 /* CDOpenALSupport.m in Sources */ = {isa = PBXBuildFile; fileRef = 15D8B236168318C3006C7997 /* CDOpenALSupport.m */; };
		15D8B240168318C3006C7997 /* CDXMacOSXSupport.mm in Sources */ = {isa = PBXBuildFile; fileRef = 15D8B238168318C3006C7997 /* CDXMacOSXSupport.mm */; };
		15D8B241168318C3006C7997 /* CocosDenshion.m in Sources */ = {isa = PBXBuildFile; fileRef = 15D8B23A168318C3006C7997 /* CocosDenshion.m */; };
		15D8B242168318C3006C7997 /* SimpleAudioEngine.mm in Sources */ = {isa = PBXBuildFile; fileRef = 15D8B23B168318C3006C7997 /* SimpleAudioEngine.mm */; };
		15D8B243168318C3006C7997 /* SimpleAudioEngine_objc.m in Sources */ = {isa = PBXBuildFile; fileRef = 15D8B23D168318C3006C7997 /* SimpleAudioEngine_objc.m */; };
		1A9CE9A51765A7FA000E3062 /* LocalStorage.cpp in Sources */ = {isa = PBXBuildFile; fileRef = 1A9CE97F1765A7FA000E3062 /* LocalStorage.cpp */; };
		1A9CE9A61765A7FA000E3062 /* LocalStorageAndroid.cpp in Sources */ = {isa = PBXBuildFile; fileRef = 1A9CE9811765A7FA000E3062 /* LocalStorageAndroid.cpp */; };
		1A9CE9A81765A889000E3062 /* libsqlite3.dylib in Frameworks */ = {isa = PBXBuildFile; fileRef = 1A9CE9A71765A889000E3062 /* libsqlite3.dylib */; };
		3E12AF4F1AAEDB2E00AC4EE0 /* AddHeadForgrand.cpp in Sources */ = {isa = PBXBuildFile; fileRef = 3E12AF1B1AAEDB2E00AC4EE0 /* AddHeadForgrand.cpp */; };
		3E12AF511AAEDB2E00AC4EE0 /* TableBase.cpp in Sources */ = {isa = PBXBuildFile; fileRef = 3E12AF211AAEDB2E00AC4EE0 /* TableBase.cpp */; };
		3E12AF521AAEDB2E00AC4EE0 /* TableLanguage.cpp in Sources */ = {isa = PBXBuildFile; fileRef = 3E12AF231AAEDB2E00AC4EE0 /* TableLanguage.cpp */; };
		3E12AF541AAEDB2E00AC4EE0 /* GroupInfoViewController.cpp in Sources */ = {isa = PBXBuildFile; fileRef = 3E12AF281AAEDB2E00AC4EE0 /* GroupInfoViewController.cpp */; };
		3E12AF551AAEDB2E00AC4EE0 /* HXSDKBuddy.cpp in Sources */ = {isa = PBXBuildFile; fileRef = 3E12AF2A1AAEDB2E00AC4EE0 /* HXSDKBuddy.cpp */; };
		3E12AF561AAEDB2E00AC4EE0 /* HXSDKController.cpp in Sources */ = {isa = PBXBuildFile; fileRef = 3E12AF2C1AAEDB2E00AC4EE0 /* HXSDKController.cpp */; };
		3E12AF581AAEDB2E00AC4EE0 /* IMLoginRegister.cpp in Sources */ = {isa = PBXBuildFile; fileRef = 3E12AF341AAEDB2E00AC4EE0 /* IMLoginRegister.cpp */; };
		3E12AF591AAEDB2E00AC4EE0 /* IMMyController.cpp in Sources */ = {isa = PBXBuildFile; fileRef = 3E12AF361AAEDB2E00AC4EE0 /* IMMyController.cpp */; };
		3E12AF5A1AAEDB2E00AC4EE0 /* IMMyInfo.cpp in Sources */ = {isa = PBXBuildFile; fileRef = 3E12AF381AAEDB2E00AC4EE0 /* IMMyInfo.cpp */; };
		3E12AF5B1AAEDB2E00AC4EE0 /* IMSetInfomation.cpp in Sources */ = {isa = PBXBuildFile; fileRef = 3E12AF3A1AAEDB2E00AC4EE0 /* IMSetInfomation.cpp */; };
		3E12AF5C1AAEDB2E00AC4EE0 /* IMSetting.cpp in Sources */ = {isa = PBXBuildFile; fileRef = 3E12AF3C1AAEDB2E00AC4EE0 /* IMSetting.cpp */; };
		3E12AF5D1AAEDB2E00AC4EE0 /* IMSettingClassify.cpp in Sources */ = {isa = PBXBuildFile; fileRef = 3E12AF3E1AAEDB2E00AC4EE0 /* IMSettingClassify.cpp */; };
		3E12AF5E1AAEDB2E00AC4EE0 /* IMTableCell.cpp in Sources */ = {isa = PBXBuildFile; fileRef = 3E12AF401AAEDB2E00AC4EE0 /* IMTableCell.cpp */; };
		3E12AF5F1AAEDB2E00AC4EE0 /* HXSDKControllerIOS.mm in Sources */ = {isa = PBXBuildFile; fileRef = 3E12AF441AAEDB2E00AC4EE0 /* HXSDKControllerIOS.mm */; };
		3E12AF601AAEDB2E00AC4EE0 /* HXSDKHelper.m in Sources */ = {isa = PBXBuildFile; fileRef = 3E12AF461AAEDB2E00AC4EE0 /* HXSDKHelper.m */; };
		3E12AF611AAEDB2E00AC4EE0 /* RootWindow.cpp in Sources */ = {isa = PBXBuildFile; fileRef = 3E12AF471AAEDB2E00AC4EE0 /* RootWindow.cpp */; };
		3E12AF621AAEDB2E00AC4EE0 /* SecondViewController.cpp in Sources */ = {isa = PBXBuildFile; fileRef = 3E12AF491AAEDB2E00AC4EE0 /* SecondViewController.cpp */; };
		3E12AF631AAEDB2E00AC4EE0 /* ThirdViewController.cpp in Sources */ = {isa = PBXBuildFile; fileRef = 3E12AF4D1AAEDB2E00AC4EE0 /* ThirdViewController.cpp */; };
		3E12AF651AAEDC7600AC4EE0 /* AppKit.framework in Frameworks */ = {isa = PBXBuildFile; fileRef = 3E12AF641AAEDC7600AC4EE0 /* AppKit.framework */; };
		3E12AFCC1AAEDCC600AC4EE0 /* libEaseMobClientSDKLite.a in Frameworks */ = {isa = PBXBuildFile; fileRef = 3E12AFC91AAEDCC600AC4EE0 /* libEaseMobClientSDKLite.a */; };
		3E12AFCD1AAEDCC600AC4EE0 /* EaseMob.bundle in Resources */ = {isa = PBXBuildFile; fileRef = 3E12AFCB1AAEDCC600AC4EE0 /* EaseMob.bundle */; };
		41BC70E415BF81A5006A0A6C /* AppController.mm in Sources */ = {isa = PBXBuildFile; fileRef = 41BC70DA15BF81A5006A0A6C /* AppController.mm */; };
		41BC70E515BF81A5006A0A6C /* InfoPlist.strings in Resources */ = {isa = PBXBuildFile; fileRef = 41BC70DC15BF81A5006A0A6C /* InfoPlist.strings */; };
		41BC70E615BF81A5006A0A6C /* MainMenu.xib in Resources */ = {isa = PBXBuildFile; fileRef = 41BC70DE15BF81A5006A0A6C /* MainMenu.xib */; };
		41BC70E815BF81A5006A0A6C /* main.m in Sources */ = {isa = PBXBuildFile; fileRef = 41BC70E115BF81A5006A0A6C /* main.m */; };
		B00CC5EE1978B3F600A62E4C /* RootWindow.cpp in Sources */ = {isa = PBXBuildFile; fileRef = B00CC5EC1978B3F600A62E4C /* RootWindow.cpp */; };
		B00CC6011978B4F300A62E4C /* libCrossApp.a in Frameworks */ = {isa = PBXBuildFile; fileRef = B00CC5FC1978B4C200A62E4C /* libCrossApp.a */; };
		B00CC6161979302E00A62E4C /* CAStudioViewController.cpp in Sources */ = {isa = PBXBuildFile; fileRef = B00CC6141979302E00A62E4C /* CAStudioViewController.cpp */; };
		B01F7164195166F500BA07A6 /* source_material in Resources */ = {isa = PBXBuildFile; fileRef = B01F7163195166F500BA07A6 /* source_material */; };
		B02A145C190A6A3700C3633B /* CAUIHelper.cpp in Sources */ = {isa = PBXBuildFile; fileRef = B02A145A190A6A3700C3633B /* CAUIHelper.cpp */; };
		B03E8FD11938876B00FD9A06 /* HelloWorld.png in Resources */ = {isa = PBXBuildFile; fileRef = B03E8FD01938876B00FD9A06 /* HelloWorld.png */; };
		B047B92819E91D2A00F24BE6 /* DownloadManager.cpp in Sources */ = {isa = PBXBuildFile; fileRef = B047B92619E91D2A00F24BE6 /* DownloadManager.cpp */; };
		B04822D419FA42170019F1A7 /* CADevice.cpp in Sources */ = {isa = PBXBuildFile; fileRef = B04822C419FA42170019F1A7 /* CADevice.cpp */; };
		B04C0BB119011ED8009854FD /* CSContentJsonDictionary.cpp in Sources */ = {isa = PBXBuildFile; fileRef = B04C0B9B19011ED8009854FD /* CSContentJsonDictionary.cpp */; };
		B04C0BB219011ED8009854FD /* DictionaryHelper.cpp in Sources */ = {isa = PBXBuildFile; fileRef = B04C0B9D19011ED8009854FD /* DictionaryHelper.cpp */; };
		B04C0BB319011ED8009854FD /* json_internalarray.inl in Resources */ = {isa = PBXBuildFile; fileRef = B04C0BA519011ED8009854FD /* json_internalarray.inl */; };
		B04C0BB419011ED8009854FD /* json_internalmap.inl in Resources */ = {isa = PBXBuildFile; fileRef = B04C0BA619011ED8009854FD /* json_internalmap.inl */; };
		B04C0BB519011ED8009854FD /* json_reader.cpp in Sources */ = {isa = PBXBuildFile; fileRef = B04C0BA819011ED8009854FD /* json_reader.cpp */; };
		B04C0BB619011ED8009854FD /* json_value.cpp in Sources */ = {isa = PBXBuildFile; fileRef = B04C0BAA19011ED8009854FD /* json_value.cpp */; };
		B04C0BB719011ED8009854FD /* json_valueiterator.inl in Resources */ = {isa = PBXBuildFile; fileRef = B04C0BAB19011ED8009854FD /* json_valueiterator.inl */; };
		B04C0BB819011ED8009854FD /* json_writer.cpp in Sources */ = {isa = PBXBuildFile; fileRef = B04C0BAC19011ED8009854FD /* json_writer.cpp */; };
		B04C0BB919011ED8009854FD /* sconscript in Resources */ = {isa = PBXBuildFile; fileRef = B04C0BAE19011ED8009854FD /* sconscript */; };
		B04C0BE719011F42009854FD /* fonts in Resources */ = {isa = PBXBuildFile; fileRef = B04C0BE619011F42009854FD /* fonts */; };
		B04C0BEA19011F80009854FD /* AppDelegate.cpp in Sources */ = {isa = PBXBuildFile; fileRef = B04C0BE819011F80009854FD /* AppDelegate.cpp */; };
		B0AD93B11920790900EA40BB /* FirstViewController.cpp in Sources */ = {isa = PBXBuildFile; fileRef = B0AD93AD1920790900EA40BB /* FirstViewController.cpp */; };
/* End PBXBuildFile section */

/* Begin PBXContainerItemProxy section */
		B00CC5FB1978B4C200A62E4C /* PBXContainerItemProxy */ = {
			isa = PBXContainerItemProxy;
			containerPortal = B00CC5F71978B4C200A62E4C /* CrossApp.xcodeproj */;
			proxyType = 2;
			remoteGlobalIDString = 1551A33F158F2AB200E66CFE;
			remoteInfo = CrossApp;
		};
		B00CC5FE1978B4EA00A62E4C /* PBXContainerItemProxy */ = {
			isa = PBXContainerItemProxy;
			containerPortal = B00CC5F71978B4C200A62E4C /* CrossApp.xcodeproj */;
			proxyType = 1;
			remoteGlobalIDString = 1551A33E158F2AB200E66CFE;
			remoteInfo = CrossApp;
		};
/* End PBXContainerItemProxy section */

/* Begin PBXFileReference section */
		15C1580E168315CE00D239F2 /* Export.h */ = {isa = PBXFileReference; fileEncoding = 4; lastKnownFileType = sourcecode.c.h; path = Export.h; sourceTree = "<group>"; };
		15C1580F168315CE00D239F2 /* SimpleAudioEngine.h */ = {isa = PBXFileReference; fileEncoding = 4; lastKnownFileType = sourcecode.c.h; path = SimpleAudioEngine.h; sourceTree = "<group>"; };
		15C158D4168315E500D239F2 /* ExtensionMacros.h */ = {isa = PBXFileReference; fileEncoding = 4; lastKnownFileType = sourcecode.c.h; path = ExtensionMacros.h; sourceTree = "<group>"; };
		15C15904168315E500D239F2 /* HttpClient.cpp */ = {isa = PBXFileReference; fileEncoding = 4; lastKnownFileType = sourcecode.cpp.cpp; path = HttpClient.cpp; sourceTree = "<group>"; };
		15C15905168315E500D239F2 /* HttpClient.h */ = {isa = PBXFileReference; fileEncoding = 4; lastKnownFileType = sourcecode.c.h; path = HttpClient.h; sourceTree = "<group>"; };
		15C15906168315E500D239F2 /* HttpRequest.h */ = {isa = PBXFileReference; fileEncoding = 4; lastKnownFileType = sourcecode.c.h; path = HttpRequest.h; sourceTree = "<group>"; };
		15C15907168315E500D239F2 /* HttpResponse.h */ = {isa = PBXFileReference; fileEncoding = 4; lastKnownFileType = sourcecode.c.h; path = HttpResponse.h; sourceTree = "<group>"; };
		15C64822165F391E007D4F18 /* Cocoa.framework */ = {isa = PBXFileReference; lastKnownFileType = wrapper.framework; name = Cocoa.framework; path = Platforms/MacOSX.platform/Developer/SDKs/MacOSX10.8.sdk/System/Library/Frameworks/Cocoa.framework; sourceTree = DEVELOPER_DIR; };
		15C64824165F3934007D4F18 /* OpenGL.framework */ = {isa = PBXFileReference; lastKnownFileType = wrapper.framework; name = OpenGL.framework; path = Platforms/MacOSX.platform/Developer/SDKs/MacOSX10.8.sdk/System/Library/Frameworks/OpenGL.framework; sourceTree = DEVELOPER_DIR; };
		15C64826165F394E007D4F18 /* QuartzCore.framework */ = {isa = PBXFileReference; lastKnownFileType = wrapper.framework; name = QuartzCore.framework; path = Platforms/MacOSX.platform/Developer/SDKs/MacOSX10.8.sdk/System/Library/Frameworks/QuartzCore.framework; sourceTree = DEVELOPER_DIR; };
		15C64828165F396B007D4F18 /* OpenAL.framework */ = {isa = PBXFileReference; lastKnownFileType = wrapper.framework; name = OpenAL.framework; path = Platforms/MacOSX.platform/Developer/SDKs/MacOSX10.8.sdk/System/Library/Frameworks/OpenAL.framework; sourceTree = DEVELOPER_DIR; };
		15C6482A165F3979007D4F18 /* ApplicationServices.framework */ = {isa = PBXFileReference; lastKnownFileType = wrapper.framework; name = ApplicationServices.framework; path = Platforms/MacOSX.platform/Developer/SDKs/MacOSX10.8.sdk/System/Library/Frameworks/ApplicationServices.framework; sourceTree = DEVELOPER_DIR; };
		15C6482C165F3988007D4F18 /* AudioToolbox.framework */ = {isa = PBXFileReference; lastKnownFileType = wrapper.framework; name = AudioToolbox.framework; path = Platforms/MacOSX.platform/Developer/SDKs/MacOSX10.8.sdk/System/Library/Frameworks/AudioToolbox.framework; sourceTree = DEVELOPER_DIR; };
		15C6482E165F399D007D4F18 /* libz.dylib */ = {isa = PBXFileReference; lastKnownFileType = "compiled.mach-o.dylib"; name = libz.dylib; path = Platforms/MacOSX.platform/Developer/SDKs/MacOSX10.8.sdk/usr/lib/libz.dylib; sourceTree = DEVELOPER_DIR; };
		15C64830165F39AB007D4F18 /* libxml2.dylib */ = {isa = PBXFileReference; lastKnownFileType = "compiled.mach-o.dylib"; name = libxml2.dylib; path = Platforms/MacOSX.platform/Developer/SDKs/MacOSX10.8.sdk/usr/lib/libxml2.dylib; sourceTree = DEVELOPER_DIR; };
		15C64832165F3AFD007D4F18 /* Foundation.framework */ = {isa = PBXFileReference; lastKnownFileType = wrapper.framework; name = Foundation.framework; path = Platforms/MacOSX.platform/Developer/SDKs/MacOSX10.8.sdk/System/Library/Frameworks/Foundation.framework; sourceTree = DEVELOPER_DIR; };
		15C6498616633E65007D4F18 /* libcurl.a */ = {isa = PBXFileReference; lastKnownFileType = archive.ar; name = libcurl.a; path = ../../cocos2dx/platform/third_party/ios/libraries/libcurl.a; sourceTree = "<group>"; };
		15D8B232168318C3006C7997 /* CDAudioManager.h */ = {isa = PBXFileReference; fileEncoding = 4; lastKnownFileType = sourcecode.c.h; path = CDAudioManager.h; sourceTree = "<group>"; };
		15D8B233168318C3006C7997 /* CDAudioManager.m */ = {isa = PBXFileReference; fileEncoding = 4; lastKnownFileType = sourcecode.c.objc; path = CDAudioManager.m; sourceTree = "<group>"; };
		15D8B234168318C3006C7997 /* CDConfig.h */ = {isa = PBXFileReference; fileEncoding = 4; lastKnownFileType = sourcecode.c.h; path = CDConfig.h; sourceTree = "<group>"; };
		15D8B235168318C3006C7997 /* CDOpenALSupport.h */ = {isa = PBXFileReference; fileEncoding = 4; lastKnownFileType = sourcecode.c.h; path = CDOpenALSupport.h; sourceTree = "<group>"; };
		15D8B236168318C3006C7997 /* CDOpenALSupport.m */ = {isa = PBXFileReference; fileEncoding = 4; lastKnownFileType = sourcecode.c.objc; path = CDOpenALSupport.m; sourceTree = "<group>"; };
		15D8B237168318C3006C7997 /* CDXMacOSXSupport.h */ = {isa = PBXFileReference; fileEncoding = 4; lastKnownFileType = sourcecode.c.h; path = CDXMacOSXSupport.h; sourceTree = "<group>"; };
		15D8B238168318C3006C7997 /* CDXMacOSXSupport.mm */ = {isa = PBXFileReference; fileEncoding = 4; lastKnownFileType = sourcecode.cpp.objcpp; path = CDXMacOSXSupport.mm; sourceTree = "<group>"; };
		15D8B239168318C3006C7997 /* CocosDenshion.h */ = {isa = PBXFileReference; fileEncoding = 4; lastKnownFileType = sourcecode.c.h; path = CocosDenshion.h; sourceTree = "<group>"; };
		15D8B23A168318C3006C7997 /* CocosDenshion.m */ = {isa = PBXFileReference; fileEncoding = 4; lastKnownFileType = sourcecode.c.objc; path = CocosDenshion.m; sourceTree = "<group>"; };
		15D8B23B168318C3006C7997 /* SimpleAudioEngine.mm */ = {isa = PBXFileReference; fileEncoding = 4; lastKnownFileType = sourcecode.cpp.objcpp; path = SimpleAudioEngine.mm; sourceTree = "<group>"; };
		15D8B23C168318C3006C7997 /* SimpleAudioEngine_objc.h */ = {isa = PBXFileReference; fileEncoding = 4; lastKnownFileType = sourcecode.c.h; path = SimpleAudioEngine_objc.h; sourceTree = "<group>"; };
		15D8B23D168318C3006C7997 /* SimpleAudioEngine_objc.m */ = {isa = PBXFileReference; fileEncoding = 4; lastKnownFileType = sourcecode.c.objc; path = SimpleAudioEngine_objc.m; sourceTree = "<group>"; };
		1A9CE97F1765A7FA000E3062 /* LocalStorage.cpp */ = {isa = PBXFileReference; fileEncoding = 4; lastKnownFileType = sourcecode.cpp.cpp; path = LocalStorage.cpp; sourceTree = "<group>"; };
		1A9CE9801765A7FA000E3062 /* LocalStorage.h */ = {isa = PBXFileReference; fileEncoding = 4; lastKnownFileType = sourcecode.c.h; path = LocalStorage.h; sourceTree = "<group>"; };
		1A9CE9811765A7FA000E3062 /* LocalStorageAndroid.cpp */ = {isa = PBXFileReference; fileEncoding = 4; lastKnownFileType = sourcecode.cpp.cpp; path = LocalStorageAndroid.cpp; sourceTree = "<group>"; };
		1A9CE9A71765A889000E3062 /* libsqlite3.dylib */ = {isa = PBXFileReference; lastKnownFileType = "compiled.mach-o.dylib"; name = libsqlite3.dylib; path = usr/lib/libsqlite3.dylib; sourceTree = SDKROOT; };
		1D6058910D05DD3D006BFB54 /* IM.app */ = {isa = PBXFileReference; explicitFileType = wrapper.application; includeInIndex = 0; path = IM.app; sourceTree = BUILT_PRODUCTS_DIR; };
		3E12AF1B1AAEDB2E00AC4EE0 /* AddHeadForgrand.cpp */ = {isa = PBXFileReference; fileEncoding = 4; lastKnownFileType = sourcecode.cpp.cpp; name = AddHeadForgrand.cpp; path = ../Classes/AddHeadForgrand.cpp; sourceTree = "<group>"; };
		3E12AF1C1AAEDB2E00AC4EE0 /* AddHeadForgrand.h */ = {isa = PBXFileReference; fileEncoding = 4; lastKnownFileType = sourcecode.c.h; name = AddHeadForgrand.h; path = ../Classes/AddHeadForgrand.h; sourceTree = "<group>"; };
		3E12AF211AAEDB2E00AC4EE0 /* TableBase.cpp */ = {isa = PBXFileReference; fileEncoding = 4; lastKnownFileType = sourcecode.cpp.cpp; path = TableBase.cpp; sourceTree = "<group>"; };
		3E12AF221AAEDB2E00AC4EE0 /* TableBase.h */ = {isa = PBXFileReference; fileEncoding = 4; lastKnownFileType = sourcecode.c.h; path = TableBase.h; sourceTree = "<group>"; };
		3E12AF231AAEDB2E00AC4EE0 /* TableLanguage.cpp */ = {isa = PBXFileReference; fileEncoding = 4; lastKnownFileType = sourcecode.cpp.cpp; path = TableLanguage.cpp; sourceTree = "<group>"; };
		3E12AF241AAEDB2E00AC4EE0 /* TableLanguage.h */ = {isa = PBXFileReference; fileEncoding = 4; lastKnownFileType = sourcecode.c.h; path = TableLanguage.h; sourceTree = "<group>"; };
		3E12AF281AAEDB2E00AC4EE0 /* GroupInfoViewController.cpp */ = {isa = PBXFileReference; fileEncoding = 4; lastKnownFileType = sourcecode.cpp.cpp; path = GroupInfoViewController.cpp; sourceTree = "<group>"; };
		3E12AF291AAEDB2E00AC4EE0 /* GroupInfoViewController.h */ = {isa = PBXFileReference; fileEncoding = 4; lastKnownFileType = sourcecode.c.h; path = GroupInfoViewController.h; sourceTree = "<group>"; };
		3E12AF2A1AAEDB2E00AC4EE0 /* HXSDKBuddy.cpp */ = {isa = PBXFileReference; fileEncoding = 4; lastKnownFileType = sourcecode.cpp.cpp; name = HXSDKBuddy.cpp; path = ../Classes/HXSDKBuddy.cpp; sourceTree = "<group>"; };
		3E12AF2B1AAEDB2E00AC4EE0 /* HXSDKBuddy.h */ = {isa = PBXFileReference; fileEncoding = 4; lastKnownFileType = sourcecode.c.h; name = HXSDKBuddy.h; path = ../Classes/HXSDKBuddy.h; sourceTree = "<group>"; };
		3E12AF2C1AAEDB2E00AC4EE0 /* HXSDKController.cpp */ = {isa = PBXFileReference; fileEncoding = 4; lastKnownFileType = sourcecode.cpp.cpp; name = HXSDKController.cpp; path = ../Classes/HXSDKController.cpp; sourceTree = "<group>"; };
		3E12AF2D1AAEDB2E00AC4EE0 /* HXSDKController.h */ = {isa = PBXFileReference; fileEncoding = 4; lastKnownFileType = sourcecode.c.h; name = HXSDKController.h; path = ../Classes/HXSDKController.h; sourceTree = "<group>"; };
		3E12AF2E1AAEDB2E00AC4EE0 /* IMDATA.h */ = {isa = PBXFileReference; fileEncoding = 4; lastKnownFileType = sourcecode.c.h; name = IMDATA.h; path = ../Classes/IMDATA.h; sourceTree = "<group>"; };
		3E12AF341AAEDB2E00AC4EE0 /* IMLoginRegister.cpp */ = {isa = PBXFileReference; fileEncoding = 4; lastKnownFileType = sourcecode.cpp.cpp; name = IMLoginRegister.cpp; path = ../Classes/IMLoginRegister.cpp; sourceTree = "<group>"; };
		3E12AF351AAEDB2E00AC4EE0 /* IMLoginRegister.h */ = {isa = PBXFileReference; fileEncoding = 4; lastKnownFileType = sourcecode.c.h; name = IMLoginRegister.h; path = ../Classes/IMLoginRegister.h; sourceTree = "<group>"; };
		3E12AF361AAEDB2E00AC4EE0 /* IMMyController.cpp */ = {isa = PBXFileReference; fileEncoding = 4; lastKnownFileType = sourcecode.cpp.cpp; name = IMMyController.cpp; path = ../Classes/IMMyController.cpp; sourceTree = "<group>"; };
		3E12AF371AAEDB2E00AC4EE0 /* IMMyController.h */ = {isa = PBXFileReference; fileEncoding = 4; lastKnownFileType = sourcecode.c.h; name = IMMyController.h; path = ../Classes/IMMyController.h; sourceTree = "<group>"; };
		3E12AF381AAEDB2E00AC4EE0 /* IMMyInfo.cpp */ = {isa = PBXFileReference; fileEncoding = 4; lastKnownFileType = sourcecode.cpp.cpp; name = IMMyInfo.cpp; path = ../Classes/IMMyInfo.cpp; sourceTree = "<group>"; };
		3E12AF391AAEDB2E00AC4EE0 /* IMMyInfo.h */ = {isa = PBXFileReference; fileEncoding = 4; lastKnownFileType = sourcecode.c.h; name = IMMyInfo.h; path = ../Classes/IMMyInfo.h; sourceTree = "<group>"; };
		3E12AF3A1AAEDB2E00AC4EE0 /* IMSetInfomation.cpp */ = {isa = PBXFileReference; fileEncoding = 4; lastKnownFileType = sourcecode.cpp.cpp; name = IMSetInfomation.cpp; path = ../Classes/IMSetInfomation.cpp; sourceTree = "<group>"; };
		3E12AF3B1AAEDB2E00AC4EE0 /* IMSetInformation.h */ = {isa = PBXFileReference; fileEncoding = 4; lastKnownFileType = sourcecode.c.h; name = IMSetInformation.h; path = ../Classes/IMSetInformation.h; sourceTree = "<group>"; };
		3E12AF3C1AAEDB2E00AC4EE0 /* IMSetting.cpp */ = {isa = PBXFileReference; fileEncoding = 4; lastKnownFileType = sourcecode.cpp.cpp; name = IMSetting.cpp; path = ../Classes/IMSetting.cpp; sourceTree = "<group>"; };
		3E12AF3D1AAEDB2E00AC4EE0 /* IMSetting.h */ = {isa = PBXFileReference; fileEncoding = 4; lastKnownFileType = sourcecode.c.h; name = IMSetting.h; path = ../Classes/IMSetting.h; sourceTree = "<group>"; };
		3E12AF3E1AAEDB2E00AC4EE0 /* IMSettingClassify.cpp */ = {isa = PBXFileReference; fileEncoding = 4; lastKnownFileType = sourcecode.cpp.cpp; name = IMSettingClassify.cpp; path = ../Classes/IMSettingClassify.cpp; sourceTree = "<group>"; };
		3E12AF3F1AAEDB2E00AC4EE0 /* IMSettingClassify.h */ = {isa = PBXFileReference; fileEncoding = 4; lastKnownFileType = sourcecode.c.h; name = IMSettingClassify.h; path = ../Classes/IMSettingClassify.h; sourceTree = "<group>"; };
		3E12AF401AAEDB2E00AC4EE0 /* IMTableCell.cpp */ = {isa = PBXFileReference; fileEncoding = 4; lastKnownFileType = sourcecode.cpp.cpp; name = IMTableCell.cpp; path = ../Classes/IMTableCell.cpp; sourceTree = "<group>"; };
		3E12AF411AAEDB2E00AC4EE0 /* IMTableCell.h */ = {isa = PBXFileReference; fileEncoding = 4; lastKnownFileType = sourcecode.c.h; name = IMTableCell.h; path = ../Classes/IMTableCell.h; sourceTree = "<group>"; };
		3E12AF431AAEDB2E00AC4EE0 /* HXSDKControllerIOS.h */ = {isa = PBXFileReference; fileEncoding = 4; lastKnownFileType = sourcecode.c.h; path = HXSDKControllerIOS.h; sourceTree = "<group>"; };
		3E12AF441AAEDB2E00AC4EE0 /* HXSDKControllerIOS.mm */ = {isa = PBXFileReference; fileEncoding = 4; lastKnownFileType = sourcecode.cpp.objcpp; path = HXSDKControllerIOS.mm; sourceTree = "<group>"; };
		3E12AF451AAEDB2E00AC4EE0 /* HXSDKHelper.h */ = {isa = PBXFileReference; fileEncoding = 4; lastKnownFileType = sourcecode.c.h; path = HXSDKHelper.h; sourceTree = "<group>"; };
		3E12AF461AAEDB2E00AC4EE0 /* HXSDKHelper.m */ = {isa = PBXFileReference; fileEncoding = 4; lastKnownFileType = sourcecode.c.objc; path = HXSDKHelper.m; sourceTree = "<group>"; };
		3E12AF471AAEDB2E00AC4EE0 /* RootWindow.cpp */ = {isa = PBXFileReference; fileEncoding = 4; lastKnownFileType = sourcecode.cpp.cpp; name = RootWindow.cpp; path = ../Classes/RootWindow.cpp; sourceTree = "<group>"; };
		3E12AF481AAEDB2E00AC4EE0 /* RootWindow.h */ = {isa = PBXFileReference; fileEncoding = 4; lastKnownFileType = sourcecode.c.h; name = RootWindow.h; path = ../Classes/RootWindow.h; sourceTree = "<group>"; };
		3E12AF491AAEDB2E00AC4EE0 /* SecondViewController.cpp */ = {isa = PBXFileReference; fileEncoding = 4; lastKnownFileType = sourcecode.cpp.cpp; name = SecondViewController.cpp; path = ../Classes/SecondViewController.cpp; sourceTree = "<group>"; };
		3E12AF4A1AAEDB2E00AC4EE0 /* SecondViewController.h */ = {isa = PBXFileReference; fileEncoding = 4; lastKnownFileType = sourcecode.c.h; name = SecondViewController.h; path = ../Classes/SecondViewController.h; sourceTree = "<group>"; };
		3E12AF4C1AAEDB2E00AC4EE0 /* TableLanguagesfontnewHeader.h */ = {isa = PBXFileReference; fileEncoding = 4; lastKnownFileType = sourcecode.c.h; path = TableLanguagesfontnewHeader.h; sourceTree = "<group>"; };
		3E12AF4D1AAEDB2E00AC4EE0 /* ThirdViewController.cpp */ = {isa = PBXFileReference; fileEncoding = 4; lastKnownFileType = sourcecode.cpp.cpp; name = ThirdViewController.cpp; path = ../Classes/ThirdViewController.cpp; sourceTree = "<group>"; };
		3E12AF4E1AAEDB2E00AC4EE0 /* ThirdViewController.h */ = {isa = PBXFileReference; fileEncoding = 4; lastKnownFileType = sourcecode.c.h; name = ThirdViewController.h; path = ../Classes/ThirdViewController.h; sourceTree = "<group>"; };
		3E12AF641AAEDC7600AC4EE0 /* AppKit.framework */ = {isa = PBXFileReference; lastKnownFileType = wrapper.framework; name = AppKit.framework; path = System/Library/Frameworks/AppKit.framework; sourceTree = SDKROOT; };
		3E12AF6F1AAEDCC600AC4EE0 /* IChatManagerDelegate.h */ = {isa = PBXFileReference; fileEncoding = 4; lastKnownFileType = sourcecode.c.h; path = IChatManagerDelegate.h; sourceTree = "<group>"; };
		3E12AF711AAEDCC600AC4EE0 /* EMChatManagerBuddyDelegate.h */ = {isa = PBXFileReference; fileEncoding = 4; lastKnownFileType = sourcecode.c.h; path = EMChatManagerBuddyDelegate.h; sourceTree = "<group>"; };
		3E12AF721AAEDCC600AC4EE0 /* EMChatManagerChatDelegate.h */ = {isa = PBXFileReference; fileEncoding = 4; lastKnownFileType = sourcecode.c.h; path = EMChatManagerChatDelegate.h; sourceTree = "<group>"; };
		3E12AF731AAEDCC600AC4EE0 /* EMChatManagerDelegate.h */ = {isa = PBXFileReference; fileEncoding = 4; lastKnownFileType = sourcecode.c.h; path = EMChatManagerDelegate.h; sourceTree = "<group>"; };
		3E12AF741AAEDCC600AC4EE0 /* EMChatManagerDelegateBase.h */ = {isa = PBXFileReference; fileEncoding = 4; lastKnownFileType = sourcecode.c.h; path = EMChatManagerDelegateBase.h; sourceTree = "<group>"; };
		3E12AF751AAEDCC600AC4EE0 /* EMChatManagerEncryptionDelegate.h */ = {isa = PBXFileReference; fileEncoding = 4; lastKnownFileType = sourcecode.c.h; path = EMChatManagerEncryptionDelegate.h; sourceTree = "<group>"; };
		3E12AF761AAEDCC600AC4EE0 /* EMChatManagerGroupDelegate.h */ = {isa = PBXFileReference; fileEncoding = 4; lastKnownFileType = sourcecode.c.h; path = EMChatManagerGroupDelegate.h; sourceTree = "<group>"; };
		3E12AF771AAEDCC600AC4EE0 /* EMChatManagerLoginDelegate.h */ = {isa = PBXFileReference; fileEncoding = 4; lastKnownFileType = sourcecode.c.h; path = EMChatManagerLoginDelegate.h; sourceTree = "<group>"; };
		3E12AF781AAEDCC600AC4EE0 /* EMChatManagerMediaDelegate.h */ = {isa = PBXFileReference; fileEncoding = 4; lastKnownFileType = sourcecode.c.h; path = EMChatManagerMediaDelegate.h; sourceTree = "<group>"; };
		3E12AF791AAEDCC600AC4EE0 /* EMChatManagerPushNotificationDelegate.h */ = {isa = PBXFileReference; fileEncoding = 4; lastKnownFileType = sourcecode.c.h; path = EMChatManagerPushNotificationDelegate.h; sourceTree = "<group>"; };
		3E12AF7A1AAEDCC600AC4EE0 /* EMChatManagerUtilDelegate.h */ = {isa = PBXFileReference; fileEncoding = 4; lastKnownFileType = sourcecode.c.h; path = EMChatManagerUtilDelegate.h; sourceTree = "<group>"; };
		3E12AF7B1AAEDCC600AC4EE0 /* IChatManager.h */ = {isa = PBXFileReference; fileEncoding = 4; lastKnownFileType = sourcecode.c.h; path = IChatManager.h; sourceTree = "<group>"; };
		3E12AF7D1AAEDCC600AC4EE0 /* IChatManagerBase.h */ = {isa = PBXFileReference; fileEncoding = 4; lastKnownFileType = sourcecode.c.h; path = IChatManagerBase.h; sourceTree = "<group>"; };
		3E12AF7E1AAEDCC600AC4EE0 /* IChatManagerBuddy.h */ = {isa = PBXFileReference; fileEncoding = 4; lastKnownFileType = sourcecode.c.h; path = IChatManagerBuddy.h; sourceTree = "<group>"; };
		3E12AF7F1AAEDCC600AC4EE0 /* IChatManagerChat.h */ = {isa = PBXFileReference; fileEncoding = 4; lastKnownFileType = sourcecode.c.h; path = IChatManagerChat.h; sourceTree = "<group>"; };
		3E12AF801AAEDCC600AC4EE0 /* IChatManagerConversation.h */ = {isa = PBXFileReference; fileEncoding = 4; lastKnownFileType = sourcecode.c.h; path = IChatManagerConversation.h; sourceTree = "<group>"; };
		3E12AF811AAEDCC600AC4EE0 /* IChatManagerEncryption.h */ = {isa = PBXFileReference; fileEncoding = 4; lastKnownFileType = sourcecode.c.h; path = IChatManagerEncryption.h; sourceTree = "<group>"; };
		3E12AF821AAEDCC600AC4EE0 /* IChatManagerGroup.h */ = {isa = PBXFileReference; fileEncoding = 4; lastKnownFileType = sourcecode.c.h; path = IChatManagerGroup.h; sourceTree = "<group>"; };
		3E12AF831AAEDCC600AC4EE0 /* IChatManagerLogin.h */ = {isa = PBXFileReference; fileEncoding = 4; lastKnownFileType = sourcecode.c.h; path = IChatManagerLogin.h; sourceTree = "<group>"; };
		3E12AF841AAEDCC600AC4EE0 /* IChatManagerMedia.h */ = {isa = PBXFileReference; fileEncoding = 4; lastKnownFileType = sourcecode.c.h; path = IChatManagerMedia.h; sourceTree = "<group>"; };
		3E12AF851AAEDCC600AC4EE0 /* IChatManagerPushNotification.h */ = {isa = PBXFileReference; fileEncoding = 4; lastKnownFileType = sourcecode.c.h; path = IChatManagerPushNotification.h; sourceTree = "<group>"; };
		3E12AF861AAEDCC600AC4EE0 /* IChatManagerSettingOptions.h */ = {isa = PBXFileReference; fileEncoding = 4; lastKnownFileType = sourcecode.c.h; path = IChatManagerSettingOptions.h; sourceTree = "<group>"; };
		3E12AF871AAEDCC600AC4EE0 /* IChatManagerUtil.h */ = {isa = PBXFileReference; fileEncoding = 4; lastKnownFileType = sourcecode.c.h; path = IChatManagerUtil.h; sourceTree = "<group>"; };
		3E12AF891AAEDCC600AC4EE0 /* EMAnonymousHelper.h */ = {isa = PBXFileReference; fileEncoding = 4; lastKnownFileType = sourcecode.c.h; path = EMAnonymousHelper.h; sourceTree = "<group>"; };
		3E12AF8A1AAEDCC600AC4EE0 /* EMBuddy.h */ = {isa = PBXFileReference; fileEncoding = 4; lastKnownFileType = sourcecode.c.h; path = EMBuddy.h; sourceTree = "<group>"; };
		3E12AF8B1AAEDCC600AC4EE0 /* EMBuddyGroup.h */ = {isa = PBXFileReference; fileEncoding = 4; lastKnownFileType = sourcecode.c.h; path = EMBuddyGroup.h; sourceTree = "<group>"; };
		3E12AF8C1AAEDCC600AC4EE0 /* EMChatCommand.h */ = {isa = PBXFileReference; fileEncoding = 4; lastKnownFileType = sourcecode.c.h; path = EMChatCommand.h; sourceTree = "<group>"; };
		3E12AF8D1AAEDCC600AC4EE0 /* EMChatFile.h */ = {isa = PBXFileReference; fileEncoding = 4; lastKnownFileType = sourcecode.c.h; path = EMChatFile.h; sourceTree = "<group>"; };
		3E12AF8E1AAEDCC600AC4EE0 /* EMChatImage.h */ = {isa = PBXFileReference; fileEncoding = 4; lastKnownFileType = sourcecode.c.h; path = EMChatImage.h; sourceTree = "<group>"; };
		3E12AF8F1AAEDCC600AC4EE0 /* EMChatLocation.h */ = {isa = PBXFileReference; fileEncoding = 4; lastKnownFileType = sourcecode.c.h; path = EMChatLocation.h; sourceTree = "<group>"; };
		3E12AF901AAEDCC600AC4EE0 /* EMChatServiceDefs.h */ = {isa = PBXFileReference; fileEncoding = 4; lastKnownFileType = sourcecode.c.h; path = EMChatServiceDefs.h; sourceTree = "<group>"; };
		3E12AF911AAEDCC600AC4EE0 /* EMChatText.h */ = {isa = PBXFileReference; fileEncoding = 4; lastKnownFileType = sourcecode.c.h; path = EMChatText.h; sourceTree = "<group>"; };
		3E12AF921AAEDCC600AC4EE0 /* EMChatVideo.h */ = {isa = PBXFileReference; fileEncoding = 4; lastKnownFileType = sourcecode.c.h; path = EMChatVideo.h; sourceTree = "<group>"; };
		3E12AF931AAEDCC600AC4EE0 /* EMChatVoice.h */ = {isa = PBXFileReference; fileEncoding = 4; lastKnownFileType = sourcecode.c.h; path = EMChatVoice.h; sourceTree = "<group>"; };
		3E12AF941AAEDCC600AC4EE0 /* EMCommandMessageBody.h */ = {isa = PBXFileReference; fileEncoding = 4; lastKnownFileType = sourcecode.c.h; path = EMCommandMessageBody.h; sourceTree = "<group>"; };
		3E12AF951AAEDCC600AC4EE0 /* EMConversation.h */ = {isa = PBXFileReference; fileEncoding = 4; lastKnownFileType = sourcecode.c.h; path = EMConversation.h; sourceTree = "<group>"; };
		3E12AF961AAEDCC600AC4EE0 /* EMConversationInternal.h */ = {isa = PBXFileReference; fileEncoding = 4; lastKnownFileType = sourcecode.c.h; path = EMConversationInternal.h; sourceTree = "<group>"; };
		3E12AF971AAEDCC600AC4EE0 /* EMFileMessageBody.h */ = {isa = PBXFileReference; fileEncoding = 4; lastKnownFileType = sourcecode.c.h; path = EMFileMessageBody.h; sourceTree = "<group>"; };
		3E12AF981AAEDCC600AC4EE0 /* EMGroup.h */ = {isa = PBXFileReference; fileEncoding = 4; lastKnownFileType = sourcecode.c.h; path = EMGroup.h; sourceTree = "<group>"; };
		3E12AF991AAEDCC600AC4EE0 /* EMGroupOccupant.h */ = {isa = PBXFileReference; fileEncoding = 4; lastKnownFileType = sourcecode.c.h; path = EMGroupOccupant.h; sourceTree = "<group>"; };
		3E12AF9A1AAEDCC600AC4EE0 /* EMGroupStyleSetting.h */ = {isa = PBXFileReference; fileEncoding = 4; lastKnownFileType = sourcecode.c.h; path = EMGroupStyleSetting.h; sourceTree = "<group>"; };
		3E12AF9B1AAEDCC600AC4EE0 /* EMImageMessageBody.h */ = {isa = PBXFileReference; fileEncoding = 4; lastKnownFileType = sourcecode.c.h; path = EMImageMessageBody.h; sourceTree = "<group>"; };
		3E12AF9C1AAEDCC600AC4EE0 /* EMLocationMessageBody.h */ = {isa = PBXFileReference; fileEncoding = 4; lastKnownFileType = sourcecode.c.h; path = EMLocationMessageBody.h; sourceTree = "<group>"; };
		3E12AF9D1AAEDCC600AC4EE0 /* EMMessage.h */ = {isa = PBXFileReference; fileEncoding = 4; lastKnownFileType = sourcecode.c.h; path = EMMessage.h; sourceTree = "<group>"; };
		3E12AF9E1AAEDCC600AC4EE0 /* EMMessageBodyInternal.h */ = {isa = PBXFileReference; fileEncoding = 4; lastKnownFileType = sourcecode.c.h; path = EMMessageBodyInternal.h; sourceTree = "<group>"; };
		3E12AF9F1AAEDCC600AC4EE0 /* EMPushNotificationOptions.h */ = {isa = PBXFileReference; fileEncoding = 4; lastKnownFileType = sourcecode.c.h; path = EMPushNotificationOptions.h; sourceTree = "<group>"; };
		3E12AFA01AAEDCC600AC4EE0 /* EMReceipt.h */ = {isa = PBXFileReference; fileEncoding = 4; lastKnownFileType = sourcecode.c.h; path = EMReceipt.h; sourceTree = "<group>"; };
		3E12AFA11AAEDCC600AC4EE0 /* EMReceiptBase.h */ = {isa = PBXFileReference; fileEncoding = 4; lastKnownFileType = sourcecode.c.h; path = EMReceiptBase.h; sourceTree = "<group>"; };
		3E12AFA21AAEDCC600AC4EE0 /* EMTextMessageBody.h */ = {isa = PBXFileReference; fileEncoding = 4; lastKnownFileType = sourcecode.c.h; path = EMTextMessageBody.h; sourceTree = "<group>"; };
		3E12AFA31AAEDCC600AC4EE0 /* EMVideoMessageBody.h */ = {isa = PBXFileReference; fileEncoding = 4; lastKnownFileType = sourcecode.c.h; path = EMVideoMessageBody.h; sourceTree = "<group>"; };
		3E12AFA41AAEDCC600AC4EE0 /* EMVoiceMessageBody.h */ = {isa = PBXFileReference; fileEncoding = 4; lastKnownFileType = sourcecode.c.h; path = EMVoiceMessageBody.h; sourceTree = "<group>"; };
		3E12AFA51AAEDCC600AC4EE0 /* IChatImageOptions.h */ = {isa = PBXFileReference; fileEncoding = 4; lastKnownFileType = sourcecode.c.h; path = IChatImageOptions.h; sourceTree = "<group>"; };
		3E12AFA61AAEDCC600AC4EE0 /* IEMChatCryptor.h */ = {isa = PBXFileReference; fileEncoding = 4; lastKnownFileType = sourcecode.c.h; path = IEMChatCryptor.h; sourceTree = "<group>"; };
		3E12AFA71AAEDCC600AC4EE0 /* IEMChatFile.h */ = {isa = PBXFileReference; fileEncoding = 4; lastKnownFileType = sourcecode.c.h; path = IEMChatFile.h; sourceTree = "<group>"; };
		3E12AFA81AAEDCC600AC4EE0 /* IEMChatObject.h */ = {isa = PBXFileReference; fileEncoding = 4; lastKnownFileType = sourcecode.c.h; path = IEMChatObject.h; sourceTree = "<group>"; };
		3E12AFA91AAEDCC600AC4EE0 /* IEMChatProgressDelegate.h */ = {isa = PBXFileReference; fileEncoding = 4; lastKnownFileType = sourcecode.c.h; path = IEMChatProgressDelegate.h; sourceTree = "<group>"; };
		3E12AFAA1AAEDCC600AC4EE0 /* IEMFileMessageBody.h */ = {isa = PBXFileReference; fileEncoding = 4; lastKnownFileType = sourcecode.c.h; path = IEMFileMessageBody.h; sourceTree = "<group>"; };
		3E12AFAB1AAEDCC600AC4EE0 /* IEMMessageBody.h */ = {isa = PBXFileReference; fileEncoding = 4; lastKnownFileType = sourcecode.c.h; path = IEMMessageBody.h; sourceTree = "<group>"; };
		3E12AFAD1AAEDCC600AC4EE0 /* EaseMob.h */ = {isa = PBXFileReference; fileEncoding = 4; lastKnownFileType = sourcecode.c.h; path = EaseMob.h; sourceTree = "<group>"; };
		3E12AFAE1AAEDCC600AC4EE0 /* EaseMobHeaders.h */ = {isa = PBXFileReference; fileEncoding = 4; lastKnownFileType = sourcecode.c.h; path = EaseMobHeaders.h; sourceTree = "<group>"; };
		3E12AFB01AAEDCC600AC4EE0 /* commonDefs.h */ = {isa = PBXFileReference; fileEncoding = 4; lastKnownFileType = sourcecode.c.h; path = commonDefs.h; sourceTree = "<group>"; };
		3E12AFB31AAEDCC600AC4EE0 /* IDeviceManagerDelegate.h */ = {isa = PBXFileReference; fileEncoding = 4; lastKnownFileType = sourcecode.c.h; path = IDeviceManagerDelegate.h; sourceTree = "<group>"; };
		3E12AFB51AAEDCC600AC4EE0 /* EMDeviceManagerDelegate.h */ = {isa = PBXFileReference; fileEncoding = 4; lastKnownFileType = sourcecode.c.h; path = EMDeviceManagerDelegate.h; sourceTree = "<group>"; };
		3E12AFB61AAEDCC600AC4EE0 /* EMDeviceManagerDelegateBase.h */ = {isa = PBXFileReference; fileEncoding = 4; lastKnownFileType = sourcecode.c.h; path = EMDeviceManagerDelegateBase.h; sourceTree = "<group>"; };
		3E12AFB71AAEDCC600AC4EE0 /* EMDeviceManagerLocationDelegate.h */ = {isa = PBXFileReference; fileEncoding = 4; lastKnownFileType = sourcecode.c.h; path = EMDeviceManagerLocationDelegate.h; sourceTree = "<group>"; };
		3E12AFB81AAEDCC600AC4EE0 /* EMDeviceManagerMediaDelegate.h */ = {isa = PBXFileReference; fileEncoding = 4; lastKnownFileType = sourcecode.c.h; path = EMDeviceManagerMediaDelegate.h; sourceTree = "<group>"; };
		3E12AFB91AAEDCC600AC4EE0 /* EMDeviceManagerNetworkDelegate.h */ = {isa = PBXFileReference; fileEncoding = 4; lastKnownFileType = sourcecode.c.h; path = EMDeviceManagerNetworkDelegate.h; sourceTree = "<group>"; };
		3E12AFBA1AAEDCC600AC4EE0 /* EMDeviceManagerProximitySensorDelegate.h */ = {isa = PBXFileReference; fileEncoding = 4; lastKnownFileType = sourcecode.c.h; path = EMDeviceManagerProximitySensorDelegate.h; sourceTree = "<group>"; };
		3E12AFBB1AAEDCC600AC4EE0 /* EMDeviceManagerDefs.h */ = {isa = PBXFileReference; fileEncoding = 4; lastKnownFileType = sourcecode.c.h; path = EMDeviceManagerDefs.h; sourceTree = "<group>"; };
		3E12AFBC1AAEDCC600AC4EE0 /* IDeviceManager.h */ = {isa = PBXFileReference; fileEncoding = 4; lastKnownFileType = sourcecode.c.h; path = IDeviceManager.h; sourceTree = "<group>"; };
		3E12AFBE1AAEDCC600AC4EE0 /* IDeviceManagerBase.h */ = {isa = PBXFileReference; fileEncoding = 4; lastKnownFileType = sourcecode.c.h; path = IDeviceManagerBase.h; sourceTree = "<group>"; };
		3E12AFBF1AAEDCC600AC4EE0 /* IDeviceManagerCamera.h */ = {isa = PBXFileReference; fileEncoding = 4; lastKnownFileType = sourcecode.c.h; path = IDeviceManagerCamera.h; sourceTree = "<group>"; };
		3E12AFC01AAEDCC600AC4EE0 /* IDeviceManagerDevice.h */ = {isa = PBXFileReference; fileEncoding = 4; lastKnownFileType = sourcecode.c.h; path = IDeviceManagerDevice.h; sourceTree = "<group>"; };
		3E12AFC11AAEDCC600AC4EE0 /* IDeviceManagerLocation.h */ = {isa = PBXFileReference; fileEncoding = 4; lastKnownFileType = sourcecode.c.h; path = IDeviceManagerLocation.h; sourceTree = "<group>"; };
		3E12AFC21AAEDCC600AC4EE0 /* IDeviceManagerMedia.h */ = {isa = PBXFileReference; fileEncoding = 4; lastKnownFileType = sourcecode.c.h; path = IDeviceManagerMedia.h; sourceTree = "<group>"; };
		3E12AFC31AAEDCC600AC4EE0 /* IDeviceManagerProximitySensor.h */ = {isa = PBXFileReference; fileEncoding = 4; lastKnownFileType = sourcecode.c.h; path = IDeviceManagerProximitySensor.h; sourceTree = "<group>"; };
		3E12AFC41AAEDCC600AC4EE0 /* EMNetworkMonitorDefs.h */ = {isa = PBXFileReference; fileEncoding = 4; lastKnownFileType = sourcecode.c.h; path = EMNetworkMonitorDefs.h; sourceTree = "<group>"; };
		3E12AFC61AAEDCC600AC4EE0 /* EMError.h */ = {isa = PBXFileReference; fileEncoding = 4; lastKnownFileType = sourcecode.c.h; path = EMError.h; sourceTree = "<group>"; };
		3E12AFC71AAEDCC600AC4EE0 /* EMErrorDefs.h */ = {isa = PBXFileReference; fileEncoding = 4; lastKnownFileType = sourcecode.c.h; path = EMErrorDefs.h; sourceTree = "<group>"; };
		3E12AFC91AAEDCC600AC4EE0 /* libEaseMobClientSDKLite.a */ = {isa = PBXFileReference; lastKnownFileType = archive.ar; path = libEaseMobClientSDKLite.a; sourceTree = "<group>"; };
		3E12AFCB1AAEDCC600AC4EE0 /* EaseMob.bundle */ = {isa = PBXFileReference; lastKnownFileType = "wrapper.plug-in"; path = EaseMob.bundle; sourceTree = "<group>"; };
		41BC70D915BF81A5006A0A6C /* AppController.h */ = {isa = PBXFileReference; fileEncoding = 4; lastKnownFileType = sourcecode.c.h; path = AppController.h; sourceTree = SOURCE_ROOT; };
		41BC70DA15BF81A5006A0A6C /* AppController.mm */ = {isa = PBXFileReference; fileEncoding = 4; lastKnownFileType = sourcecode.cpp.objcpp; path = AppController.mm; sourceTree = SOURCE_ROOT; };
		41BC70DD15BF81A5006A0A6C /* en */ = {isa = PBXFileReference; lastKnownFileType = text.plist.strings; name = en; path = InfoPlist.strings; sourceTree = "<group>"; };
		41BC70DF15BF81A5006A0A6C /* en */ = {isa = PBXFileReference; lastKnownFileType = file.xib; name = en; path = MainMenu.xib; sourceTree = "<group>"; };
		41BC70E115BF81A5006A0A6C /* main.m */ = {isa = PBXFileReference; fileEncoding = 4; lastKnownFileType = sourcecode.c.objc; path = main.m; sourceTree = SOURCE_ROOT; };
		41BC70E215BF81A5006A0A6C /* Info.plist */ = {isa = PBXFileReference; fileEncoding = 4; lastKnownFileType = text.plist.xml; path = Info.plist; sourceTree = SOURCE_ROOT; };
		41BC70E315BF81A5006A0A6C /* Prefix.pch */ = {isa = PBXFileReference; fileEncoding = 4; lastKnownFileType = sourcecode.c.h; path = Prefix.pch; sourceTree = SOURCE_ROOT; };
		B00CC5EC1978B3F600A62E4C /* RootWindow.cpp */ = {isa = PBXFileReference; fileEncoding = 4; lastKnownFileType = sourcecode.cpp.cpp; name = RootWindow.cpp; path = ../Classes/RootWindow.cpp; sourceTree = "<group>"; };
		B00CC5ED1978B3F600A62E4C /* RootWindow.h */ = {isa = PBXFileReference; fileEncoding = 4; lastKnownFileType = sourcecode.c.h; name = RootWindow.h; path = ../Classes/RootWindow.h; sourceTree = "<group>"; };
		B00CC5F71978B4C200A62E4C /* CrossApp.xcodeproj */ = {isa = PBXFileReference; lastKnownFileType = "wrapper.pb-project"; name = CrossApp.xcodeproj; path = ../../../CrossApp/proj.mac/CrossApp.xcodeproj; sourceTree = "<group>"; };
		B00CC6141979302E00A62E4C /* CAStudioViewController.cpp */ = {isa = PBXFileReference; fileEncoding = 4; lastKnownFileType = sourcecode.cpp.cpp; path = CAStudioViewController.cpp; sourceTree = "<group>"; };
		B00CC6151979302E00A62E4C /* CAStudioViewController.h */ = {isa = PBXFileReference; fileEncoding = 4; lastKnownFileType = sourcecode.c.h; path = CAStudioViewController.h; sourceTree = "<group>"; };
		B01F7163195166F500BA07A6 /* source_material */ = {isa = PBXFileReference; lastKnownFileType = folder; path = source_material; sourceTree = "<group>"; };
		B02A145A190A6A3700C3633B /* CAUIHelper.cpp */ = {isa = PBXFileReference; fileEncoding = 4; lastKnownFileType = sourcecode.cpp.cpp; path = CAUIHelper.cpp; sourceTree = "<group>"; };
		B02A145B190A6A3700C3633B /* CAUIHelper.h */ = {isa = PBXFileReference; fileEncoding = 4; lastKnownFileType = sourcecode.c.h; path = CAUIHelper.h; sourceTree = "<group>"; };
		B034080519920FD1005DB179 /* sqlite3.h */ = {isa = PBXFileReference; fileEncoding = 4; lastKnownFileType = sourcecode.c.h; path = sqlite3.h; sourceTree = "<group>"; };
		B034080619920FD1005DB179 /* sqlite3ext.h */ = {isa = PBXFileReference; fileEncoding = 4; lastKnownFileType = sourcecode.c.h; path = sqlite3ext.h; sourceTree = "<group>"; };
		B03E8FD01938876B00FD9A06 /* HelloWorld.png */ = {isa = PBXFileReference; lastKnownFileType = image.png; path = HelloWorld.png; sourceTree = "<group>"; };
		B047B92519E91D2000F24BE6 /* CrossAppExt.h */ = {isa = PBXFileReference; fileEncoding = 4; lastKnownFileType = sourcecode.c.h; path = CrossAppExt.h; sourceTree = "<group>"; };
		B047B92619E91D2A00F24BE6 /* DownloadManager.cpp */ = {isa = PBXFileReference; fileEncoding = 4; lastKnownFileType = sourcecode.cpp.cpp; path = DownloadManager.cpp; sourceTree = "<group>"; };
		B047B92719E91D2A00F24BE6 /* DownloadManager.h */ = {isa = PBXFileReference; fileEncoding = 4; lastKnownFileType = sourcecode.c.h; path = DownloadManager.h; sourceTree = "<group>"; };
		B04822C419FA42170019F1A7 /* CADevice.cpp */ = {isa = PBXFileReference; fileEncoding = 4; lastKnownFileType = sourcecode.cpp.cpp; path = CADevice.cpp; sourceTree = "<group>"; };
		B04822C519FA42170019F1A7 /* CADevice.h */ = {isa = PBXFileReference; fileEncoding = 4; lastKnownFileType = sourcecode.c.h; path = CADevice.h; sourceTree = "<group>"; };
		B04C0B9B19011ED8009854FD /* CSContentJsonDictionary.cpp */ = {isa = PBXFileReference; fileEncoding = 4; lastKnownFileType = sourcecode.cpp.cpp; path = CSContentJsonDictionary.cpp; sourceTree = "<group>"; };
		B04C0B9C19011ED8009854FD /* CSContentJsonDictionary.h */ = {isa = PBXFileReference; fileEncoding = 4; lastKnownFileType = sourcecode.c.h; path = CSContentJsonDictionary.h; sourceTree = "<group>"; };
		B04C0B9D19011ED8009854FD /* DictionaryHelper.cpp */ = {isa = PBXFileReference; fileEncoding = 4; lastKnownFileType = sourcecode.cpp.cpp; path = DictionaryHelper.cpp; sourceTree = "<group>"; };
		B04C0B9E19011ED8009854FD /* DictionaryHelper.h */ = {isa = PBXFileReference; fileEncoding = 4; lastKnownFileType = sourcecode.c.h; path = DictionaryHelper.h; sourceTree = "<group>"; };
		B04C0BA019011ED8009854FD /* autolink.h */ = {isa = PBXFileReference; fileEncoding = 4; lastKnownFileType = sourcecode.c.h; path = autolink.h; sourceTree = "<group>"; };
		B04C0BA119011ED8009854FD /* config.h */ = {isa = PBXFileReference; fileEncoding = 4; lastKnownFileType = sourcecode.c.h; path = config.h; sourceTree = "<group>"; };
		B04C0BA219011ED8009854FD /* features.h */ = {isa = PBXFileReference; fileEncoding = 4; lastKnownFileType = sourcecode.c.h; path = features.h; sourceTree = "<group>"; };
		B04C0BA319011ED8009854FD /* forwards.h */ = {isa = PBXFileReference; fileEncoding = 4; lastKnownFileType = sourcecode.c.h; path = forwards.h; sourceTree = "<group>"; };
		B04C0BA419011ED8009854FD /* json_batchallocator.h */ = {isa = PBXFileReference; fileEncoding = 4; lastKnownFileType = sourcecode.c.h; path = json_batchallocator.h; sourceTree = "<group>"; };
		B04C0BA519011ED8009854FD /* json_internalarray.inl */ = {isa = PBXFileReference; fileEncoding = 4; lastKnownFileType = text; path = json_internalarray.inl; sourceTree = "<group>"; };
		B04C0BA619011ED8009854FD /* json_internalmap.inl */ = {isa = PBXFileReference; fileEncoding = 4; lastKnownFileType = text; path = json_internalmap.inl; sourceTree = "<group>"; };
		B04C0BA719011ED8009854FD /* json_lib.h */ = {isa = PBXFileReference; fileEncoding = 4; lastKnownFileType = sourcecode.c.h; path = json_lib.h; sourceTree = "<group>"; };
		B04C0BA819011ED8009854FD /* json_reader.cpp */ = {isa = PBXFileReference; fileEncoding = 4; lastKnownFileType = sourcecode.cpp.cpp; path = json_reader.cpp; sourceTree = "<group>"; };
		B04C0BA919011ED8009854FD /* json_tool.h */ = {isa = PBXFileReference; fileEncoding = 4; lastKnownFileType = sourcecode.c.h; path = json_tool.h; sourceTree = "<group>"; };
		B04C0BAA19011ED8009854FD /* json_value.cpp */ = {isa = PBXFileReference; fileEncoding = 4; lastKnownFileType = sourcecode.cpp.cpp; path = json_value.cpp; sourceTree = "<group>"; };
		B04C0BAB19011ED8009854FD /* json_valueiterator.inl */ = {isa = PBXFileReference; fileEncoding = 4; lastKnownFileType = text; path = json_valueiterator.inl; sourceTree = "<group>"; };
		B04C0BAC19011ED8009854FD /* json_writer.cpp */ = {isa = PBXFileReference; fileEncoding = 4; lastKnownFileType = sourcecode.cpp.cpp; path = json_writer.cpp; sourceTree = "<group>"; };
		B04C0BAD19011ED8009854FD /* reader.h */ = {isa = PBXFileReference; fileEncoding = 4; lastKnownFileType = sourcecode.c.h; path = reader.h; sourceTree = "<group>"; };
		B04C0BAE19011ED8009854FD /* sconscript */ = {isa = PBXFileReference; fileEncoding = 4; lastKnownFileType = text; path = sconscript; sourceTree = "<group>"; };
		B04C0BAF19011ED8009854FD /* value.h */ = {isa = PBXFileReference; fileEncoding = 4; lastKnownFileType = sourcecode.c.h; path = value.h; sourceTree = "<group>"; };
		B04C0BB019011ED8009854FD /* writer.h */ = {isa = PBXFileReference; fileEncoding = 4; lastKnownFileType = sourcecode.c.h; path = writer.h; sourceTree = "<group>"; };
		B04C0BE619011F42009854FD /* fonts */ = {isa = PBXFileReference; lastKnownFileType = folder; path = fonts; sourceTree = "<group>"; };
		B04C0BE819011F80009854FD /* AppDelegate.cpp */ = {isa = PBXFileReference; fileEncoding = 4; lastKnownFileType = sourcecode.cpp.cpp; name = AppDelegate.cpp; path = ../Classes/AppDelegate.cpp; sourceTree = "<group>"; };
		B04C0BE919011F80009854FD /* AppDelegate.h */ = {isa = PBXFileReference; fileEncoding = 4; lastKnownFileType = sourcecode.c.h; name = AppDelegate.h; path = ../Classes/AppDelegate.h; sourceTree = "<group>"; };
		B0AD93AC1920790900EA40BB /* AppMacros.h */ = {isa = PBXFileReference; fileEncoding = 4; lastKnownFileType = sourcecode.c.h; name = AppMacros.h; path = ../Classes/AppMacros.h; sourceTree = "<group>"; };
		B0AD93AD1920790900EA40BB /* FirstViewController.cpp */ = {isa = PBXFileReference; fileEncoding = 4; lastKnownFileType = sourcecode.cpp.cpp; name = FirstViewController.cpp; path = ../Classes/FirstViewController.cpp; sourceTree = "<group>"; };
		B0AD93AE1920790900EA40BB /* FirstViewController.h */ = {isa = PBXFileReference; fileEncoding = 4; lastKnownFileType = sourcecode.c.h; name = FirstViewController.h; path = ../Classes/FirstViewController.h; sourceTree = "<group>"; };
/* End PBXFileReference section */

/* Begin PBXFrameworksBuildPhase section */
		1D60588F0D05DD3D006BFB54 /* Frameworks */ = {
			isa = PBXFrameworksBuildPhase;
			buildActionMask = 2147483647;
			files = (
				3E12AF651AAEDC7600AC4EE0 /* AppKit.framework in Frameworks */,
				B00CC6011978B4F300A62E4C /* libCrossApp.a in Frameworks */,
				1A9CE9A81765A889000E3062 /* libsqlite3.dylib in Frameworks */,
				15C6498716633E65007D4F18 /* libcurl.a in Frameworks */,
				15C64833165F3AFD007D4F18 /* Foundation.framework in Frameworks */,
				15C64831165F39AB007D4F18 /* libxml2.dylib in Frameworks */,
				3E12AFCC1AAEDCC600AC4EE0 /* libEaseMobClientSDKLite.a in Frameworks */,
				15C6482F165F399D007D4F18 /* libz.dylib in Frameworks */,
				15C6482D165F3988007D4F18 /* AudioToolbox.framework in Frameworks */,
				15C6482B165F3979007D4F18 /* ApplicationServices.framework in Frameworks */,
				15C64829165F396B007D4F18 /* OpenAL.framework in Frameworks */,
				15C64827165F394E007D4F18 /* QuartzCore.framework in Frameworks */,
				15C64825165F3934007D4F18 /* OpenGL.framework in Frameworks */,
				15C64823165F391E007D4F18 /* Cocoa.framework in Frameworks */,
			);
			runOnlyForDeploymentPostprocessing = 0;
		};
/* End PBXFrameworksBuildPhase section */

/* Begin PBXGroup section */
		15AA9C4015B7EC450033D6C2 /* Classes */ = {
			isa = PBXGroup;
			children = (
				3E12AF6A1AAEDCC600AC4EE0 /* EaseMobSDK */,
				3E12AF1B1AAEDB2E00AC4EE0 /* AddHeadForgrand.cpp */,
				3E12AF1C1AAEDB2E00AC4EE0 /* AddHeadForgrand.h */,
				3E12AF201AAEDB2E00AC4EE0 /* data */,
				3E12AF271AAEDB2E00AC4EE0 /* groupview */,
				3E12AF2A1AAEDB2E00AC4EE0 /* HXSDKBuddy.cpp */,
				3E12AF2B1AAEDB2E00AC4EE0 /* HXSDKBuddy.h */,
				3E12AF2C1AAEDB2E00AC4EE0 /* HXSDKController.cpp */,
				3E12AF2D1AAEDB2E00AC4EE0 /* HXSDKController.h */,
				3E12AF2E1AAEDB2E00AC4EE0 /* IMDATA.h */,
				3E12AF341AAEDB2E00AC4EE0 /* IMLoginRegister.cpp */,
				3E12AF351AAEDB2E00AC4EE0 /* IMLoginRegister.h */,
				3E12AF361AAEDB2E00AC4EE0 /* IMMyController.cpp */,
				3E12AF371AAEDB2E00AC4EE0 /* IMMyController.h */,
				3E12AF381AAEDB2E00AC4EE0 /* IMMyInfo.cpp */,
				3E12AF391AAEDB2E00AC4EE0 /* IMMyInfo.h */,
				3E12AF3A1AAEDB2E00AC4EE0 /* IMSetInfomation.cpp */,
				3E12AF3B1AAEDB2E00AC4EE0 /* IMSetInformation.h */,
				3E12AF3C1AAEDB2E00AC4EE0 /* IMSetting.cpp */,
				3E12AF3D1AAEDB2E00AC4EE0 /* IMSetting.h */,
				3E12AF3E1AAEDB2E00AC4EE0 /* IMSettingClassify.cpp */,
				3E12AF3F1AAEDB2E00AC4EE0 /* IMSettingClassify.h */,
				3E12AF401AAEDB2E00AC4EE0 /* IMTableCell.cpp */,
				3E12AF411AAEDB2E00AC4EE0 /* IMTableCell.h */,
				3E12AF421AAEDB2E00AC4EE0 /* ios */,
				3E12AF471AAEDB2E00AC4EE0 /* RootWindow.cpp */,
				3E12AF481AAEDB2E00AC4EE0 /* RootWindow.h */,
				3E12AF491AAEDB2E00AC4EE0 /* SecondViewController.cpp */,
				3E12AF4A1AAEDB2E00AC4EE0 /* SecondViewController.h */,
				3E12AF4B1AAEDB2E00AC4EE0 /* table */,
				3E12AF4D1AAEDB2E00AC4EE0 /* ThirdViewController.cpp */,
				3E12AF4E1AAEDB2E00AC4EE0 /* ThirdViewController.h */,
				B00CC5EC1978B3F600A62E4C /* RootWindow.cpp */,
				B00CC5ED1978B3F600A62E4C /* RootWindow.h */,
				B0AD93AC1920790900EA40BB /* AppMacros.h */,
				B0AD93AD1920790900EA40BB /* FirstViewController.cpp */,
				B0AD93AE1920790900EA40BB /* FirstViewController.h */,
				B04C0BE819011F80009854FD /* AppDelegate.cpp */,
				B04C0BE919011F80009854FD /* AppDelegate.h */,
			);
			name = Classes;
			path = ../classes;
			sourceTree = "<group>";
		};
		15C157F7168315CE00D239F2 /* CocosDenshion */ = {
			isa = PBXGroup;
			children = (
				15D8B231168318C3006C7997 /* mac */,
				15C1580D168315CE00D239F2 /* include */,
			);
			name = CocosDenshion;
			path = ../../../CocosDenshion;
			sourceTree = "<group>";
		};
		15C1580D168315CE00D239F2 /* include */ = {
			isa = PBXGroup;
			children = (
				15C1580E168315CE00D239F2 /* Export.h */,
				15C1580F168315CE00D239F2 /* SimpleAudioEngine.h */,
			);
			path = include;
			sourceTree = "<group>";
		};
		15C1589C168315E500D239F2 /* extensions */ = {
			isa = PBXGroup;
			children = (
				B047B92519E91D2000F24BE6 /* CrossAppExt.h */,
				15C158D4168315E500D239F2 /* ExtensionMacros.h */,
				B04822C319FA42170019F1A7 /* device */,
				B034080219920FD1005DB179 /* sqlite3 */,
				B00CC6131979302E00A62E4C /* studio */,
				B04C0B9A19011ED8009854FD /* Json */,
				15C158D5168315E500D239F2 /* GUI */,
				1A9CE97E1765A7FA000E3062 /* LocalStorage */,
				15C15903168315E500D239F2 /* network */,
			);
			name = extensions;
			path = ../../../extensions;
			sourceTree = "<group>";
		};
		15C158D5168315E500D239F2 /* GUI */ = {
			isa = PBXGroup;
			children = (
				B02A145A190A6A3700C3633B /* CAUIHelper.cpp */,
				B02A145B190A6A3700C3633B /* CAUIHelper.h */,
			);
			path = GUI;
			sourceTree = "<group>";
		};
		15C15903168315E500D239F2 /* network */ = {
			isa = PBXGroup;
			children = (
				B047B92619E91D2A00F24BE6 /* DownloadManager.cpp */,
				B047B92719E91D2A00F24BE6 /* DownloadManager.h */,
				15C15904168315E500D239F2 /* HttpClient.cpp */,
				15C15905168315E500D239F2 /* HttpClient.h */,
				15C15906168315E500D239F2 /* HttpRequest.h */,
				15C15907168315E500D239F2 /* HttpResponse.h */,
			);
			path = network;
			sourceTree = "<group>";
		};
		15D8B231168318C3006C7997 /* mac */ = {
			isa = PBXGroup;
			children = (
				15D8B232168318C3006C7997 /* CDAudioManager.h */,
				15D8B233168318C3006C7997 /* CDAudioManager.m */,
				15D8B234168318C3006C7997 /* CDConfig.h */,
				15D8B235168318C3006C7997 /* CDOpenALSupport.h */,
				15D8B236168318C3006C7997 /* CDOpenALSupport.m */,
				15D8B237168318C3006C7997 /* CDXMacOSXSupport.h */,
				15D8B238168318C3006C7997 /* CDXMacOSXSupport.mm */,
				15D8B239168318C3006C7997 /* CocosDenshion.h */,
				15D8B23A168318C3006C7997 /* CocosDenshion.m */,
				15D8B23B168318C3006C7997 /* SimpleAudioEngine.mm */,
				15D8B23C168318C3006C7997 /* SimpleAudioEngine_objc.h */,
				15D8B23D168318C3006C7997 /* SimpleAudioEngine_objc.m */,
			);
			path = mac;
			sourceTree = "<group>";
		};
		19C28FACFE9D520D11CA2CBB /* Products */ = {
			isa = PBXGroup;
			children = (
				1D6058910D05DD3D006BFB54 /* IM.app */,
			);
			name = Products;
			sourceTree = "<group>";
		};
		1A9CE97E1765A7FA000E3062 /* LocalStorage */ = {
			isa = PBXGroup;
			children = (
				1A9CE97F1765A7FA000E3062 /* LocalStorage.cpp */,
				1A9CE9801765A7FA000E3062 /* LocalStorage.h */,
				1A9CE9811765A7FA000E3062 /* LocalStorageAndroid.cpp */,
			);
			path = LocalStorage;
			sourceTree = "<group>";
		};
		29B97314FDCFA39411CA2CEA /* CustomTemplate */ = {
			isa = PBXGroup;
			children = (
				B00CC5F71978B4C200A62E4C /* CrossApp.xcodeproj */,
				1A9CE9A71765A889000E3062 /* libsqlite3.dylib */,
				15AA9C4015B7EC450033D6C2 /* Classes */,
				15C157F7168315CE00D239F2 /* CocosDenshion */,
				15C1589C168315E500D239F2 /* extensions */,
				29B97323FDCFA39411CA2CEA /* Frameworks */,
				41BC70D815BF818D006A0A6C /* mac */,
				19C28FACFE9D520D11CA2CBB /* Products */,
				B04C0BBA19011F33009854FD /* Resources */,
			);
			name = CustomTemplate;
			sourceTree = "<group>";
		};
		29B97323FDCFA39411CA2CEA /* Frameworks */ = {
			isa = PBXGroup;
			children = (
				3E12AF641AAEDC7600AC4EE0 /* AppKit.framework */,
				15C6498616633E65007D4F18 /* libcurl.a */,
				15C64830165F39AB007D4F18 /* libxml2.dylib */,
				15C6482E165F399D007D4F18 /* libz.dylib */,
				15C6482C165F3988007D4F18 /* AudioToolbox.framework */,
				15C6482A165F3979007D4F18 /* ApplicationServices.framework */,
				15C64828165F396B007D4F18 /* OpenAL.framework */,
				15C64826165F394E007D4F18 /* QuartzCore.framework */,
				15C64824165F3934007D4F18 /* OpenGL.framework */,
				15C64822165F391E007D4F18 /* Cocoa.framework */,
				15C64832165F3AFD007D4F18 /* Foundation.framework */,
			);
			name = Frameworks;
			sourceTree = "<group>";
		};
		3E12AF201AAEDB2E00AC4EE0 /* data */ = {
			isa = PBXGroup;
			children = (
				3E12AF211AAEDB2E00AC4EE0 /* TableBase.cpp */,
				3E12AF221AAEDB2E00AC4EE0 /* TableBase.h */,
				3E12AF231AAEDB2E00AC4EE0 /* TableLanguage.cpp */,
				3E12AF241AAEDB2E00AC4EE0 /* TableLanguage.h */,
			);
			name = data;
			path = ../Classes/data;
			sourceTree = "<group>";
		};
		3E12AF271AAEDB2E00AC4EE0 /* groupview */ = {
			isa = PBXGroup;
			children = (
				3E12AF281AAEDB2E00AC4EE0 /* GroupInfoViewController.cpp */,
				3E12AF291AAEDB2E00AC4EE0 /* GroupInfoViewController.h */,
			);
			name = groupview;
			path = ../Classes/groupview;
			sourceTree = "<group>";
		};
		3E12AF421AAEDB2E00AC4EE0 /* ios */ = {
			isa = PBXGroup;
			children = (
				3E12AF431AAEDB2E00AC4EE0 /* HXSDKControllerIOS.h */,
				3E12AF441AAEDB2E00AC4EE0 /* HXSDKControllerIOS.mm */,
				3E12AF451AAEDB2E00AC4EE0 /* HXSDKHelper.h */,
				3E12AF461AAEDB2E00AC4EE0 /* HXSDKHelper.m */,
			);
			name = ios;
			path = ../Classes/ios;
			sourceTree = "<group>";
		};
		3E12AF4B1AAEDB2E00AC4EE0 /* table */ = {
			isa = PBXGroup;
			children = (
				3E12AF4C1AAEDB2E00AC4EE0 /* TableLanguagesfontnewHeader.h */,
			);
			name = table;
			path = ../Classes/table;
			sourceTree = "<group>";
		};
		3E12AF6A1AAEDCC600AC4EE0 /* EaseMobSDK */ = {
			isa = PBXGroup;
			children = (
				3E12AF6B1AAEDCC600AC4EE0 /* include */,
				3E12AFC81AAEDCC600AC4EE0 /* lib */,
				3E12AFCA1AAEDCC600AC4EE0 /* resources */,
			);
			name = EaseMobSDK;
			path = ../Classes/EaseMobSDK;
			sourceTree = "<group>";
		};
		3E12AF6B1AAEDCC600AC4EE0 /* include */ = {
			isa = PBXGroup;
			children = (
				3E12AF6C1AAEDCC600AC4EE0 /* ChatService */,
				3E12AFAC1AAEDCC600AC4EE0 /* EaseMobClientSDKLite */,
				3E12AFAF1AAEDCC600AC4EE0 /* Utility */,
			);
			path = include;
			sourceTree = "<group>";
		};
		3E12AF6C1AAEDCC600AC4EE0 /* ChatService */ = {
			isa = PBXGroup;
			children = (
				3E12AF6D1AAEDCC600AC4EE0 /* EMChatManager */,
			);
			path = ChatService;
			sourceTree = "<group>";
		};
		3E12AF6D1AAEDCC600AC4EE0 /* EMChatManager */ = {
			isa = PBXGroup;
			children = (
				3E12AF6E1AAEDCC600AC4EE0 /* delegates */,
				3E12AF7B1AAEDCC600AC4EE0 /* IChatManager.h */,
				3E12AF7C1AAEDCC600AC4EE0 /* internal */,
				3E12AF881AAEDCC600AC4EE0 /* types */,
			);
			path = EMChatManager;
			sourceTree = "<group>";
		};
		3E12AF6E1AAEDCC600AC4EE0 /* delegates */ = {
			isa = PBXGroup;
			children = (
				3E12AF6F1AAEDCC600AC4EE0 /* IChatManagerDelegate.h */,
				3E12AF701AAEDCC600AC4EE0 /* internal */,
			);
			path = delegates;
			sourceTree = "<group>";
		};
		3E12AF701AAEDCC600AC4EE0 /* internal */ = {
			isa = PBXGroup;
			children = (
				3E12AF711AAEDCC600AC4EE0 /* EMChatManagerBuddyDelegate.h */,
				3E12AF721AAEDCC600AC4EE0 /* EMChatManagerChatDelegate.h */,
				3E12AF731AAEDCC600AC4EE0 /* EMChatManagerDelegate.h */,
				3E12AF741AAEDCC600AC4EE0 /* EMChatManagerDelegateBase.h */,
				3E12AF751AAEDCC600AC4EE0 /* EMChatManagerEncryptionDelegate.h */,
				3E12AF761AAEDCC600AC4EE0 /* EMChatManagerGroupDelegate.h */,
				3E12AF771AAEDCC600AC4EE0 /* EMChatManagerLoginDelegate.h */,
				3E12AF781AAEDCC600AC4EE0 /* EMChatManagerMediaDelegate.h */,
				3E12AF791AAEDCC600AC4EE0 /* EMChatManagerPushNotificationDelegate.h */,
				3E12AF7A1AAEDCC600AC4EE0 /* EMChatManagerUtilDelegate.h */,
			);
			path = internal;
			sourceTree = "<group>";
		};
		3E12AF7C1AAEDCC600AC4EE0 /* internal */ = {
			isa = PBXGroup;
			children = (
				3E12AF7D1AAEDCC600AC4EE0 /* IChatManagerBase.h */,
				3E12AF7E1AAEDCC600AC4EE0 /* IChatManagerBuddy.h */,
				3E12AF7F1AAEDCC600AC4EE0 /* IChatManagerChat.h */,
				3E12AF801AAEDCC600AC4EE0 /* IChatManagerConversation.h */,
				3E12AF811AAEDCC600AC4EE0 /* IChatManagerEncryption.h */,
				3E12AF821AAEDCC600AC4EE0 /* IChatManagerGroup.h */,
				3E12AF831AAEDCC600AC4EE0 /* IChatManagerLogin.h */,
				3E12AF841AAEDCC600AC4EE0 /* IChatManagerMedia.h */,
				3E12AF851AAEDCC600AC4EE0 /* IChatManagerPushNotification.h */,
				3E12AF861AAEDCC600AC4EE0 /* IChatManagerSettingOptions.h */,
				3E12AF871AAEDCC600AC4EE0 /* IChatManagerUtil.h */,
			);
			path = internal;
			sourceTree = "<group>";
		};
		3E12AF881AAEDCC600AC4EE0 /* types */ = {
			isa = PBXGroup;
			children = (
				3E12AF891AAEDCC600AC4EE0 /* EMAnonymousHelper.h */,
				3E12AF8A1AAEDCC600AC4EE0 /* EMBuddy.h */,
				3E12AF8B1AAEDCC600AC4EE0 /* EMBuddyGroup.h */,
				3E12AF8C1AAEDCC600AC4EE0 /* EMChatCommand.h */,
				3E12AF8D1AAEDCC600AC4EE0 /* EMChatFile.h */,
				3E12AF8E1AAEDCC600AC4EE0 /* EMChatImage.h */,
				3E12AF8F1AAEDCC600AC4EE0 /* EMChatLocation.h */,
				3E12AF901AAEDCC600AC4EE0 /* EMChatServiceDefs.h */,
				3E12AF911AAEDCC600AC4EE0 /* EMChatText.h */,
				3E12AF921AAEDCC600AC4EE0 /* EMChatVideo.h */,
				3E12AF931AAEDCC600AC4EE0 /* EMChatVoice.h */,
				3E12AF941AAEDCC600AC4EE0 /* EMCommandMessageBody.h */,
				3E12AF951AAEDCC600AC4EE0 /* EMConversation.h */,
				3E12AF961AAEDCC600AC4EE0 /* EMConversationInternal.h */,
				3E12AF971AAEDCC600AC4EE0 /* EMFileMessageBody.h */,
				3E12AF981AAEDCC600AC4EE0 /* EMGroup.h */,
				3E12AF991AAEDCC600AC4EE0 /* EMGroupOccupant.h */,
				3E12AF9A1AAEDCC600AC4EE0 /* EMGroupStyleSetting.h */,
				3E12AF9B1AAEDCC600AC4EE0 /* EMImageMessageBody.h */,
				3E12AF9C1AAEDCC600AC4EE0 /* EMLocationMessageBody.h */,
				3E12AF9D1AAEDCC600AC4EE0 /* EMMessage.h */,
				3E12AF9E1AAEDCC600AC4EE0 /* EMMessageBodyInternal.h */,
				3E12AF9F1AAEDCC600AC4EE0 /* EMPushNotificationOptions.h */,
				3E12AFA01AAEDCC600AC4EE0 /* EMReceipt.h */,
				3E12AFA11AAEDCC600AC4EE0 /* EMReceiptBase.h */,
				3E12AFA21AAEDCC600AC4EE0 /* EMTextMessageBody.h */,
				3E12AFA31AAEDCC600AC4EE0 /* EMVideoMessageBody.h */,
				3E12AFA41AAEDCC600AC4EE0 /* EMVoiceMessageBody.h */,
				3E12AFA51AAEDCC600AC4EE0 /* IChatImageOptions.h */,
				3E12AFA61AAEDCC600AC4EE0 /* IEMChatCryptor.h */,
				3E12AFA71AAEDCC600AC4EE0 /* IEMChatFile.h */,
				3E12AFA81AAEDCC600AC4EE0 /* IEMChatObject.h */,
				3E12AFA91AAEDCC600AC4EE0 /* IEMChatProgressDelegate.h */,
				3E12AFAA1AAEDCC600AC4EE0 /* IEMFileMessageBody.h */,
				3E12AFAB1AAEDCC600AC4EE0 /* IEMMessageBody.h */,
			);
			path = types;
			sourceTree = "<group>";
		};
		3E12AFAC1AAEDCC600AC4EE0 /* EaseMobClientSDKLite */ = {
			isa = PBXGroup;
			children = (
				3E12AFAD1AAEDCC600AC4EE0 /* EaseMob.h */,
				3E12AFAE1AAEDCC600AC4EE0 /* EaseMobHeaders.h */,
			);
			path = EaseMobClientSDKLite;
			sourceTree = "<group>";
		};
		3E12AFAF1AAEDCC600AC4EE0 /* Utility */ = {
			isa = PBXGroup;
			children = (
				3E12AFB01AAEDCC600AC4EE0 /* commonDefs.h */,
				3E12AFB11AAEDCC600AC4EE0 /* EMDeviceManager */,
				3E12AFC41AAEDCC600AC4EE0 /* EMNetworkMonitorDefs.h */,
				3E12AFC51AAEDCC600AC4EE0 /* ErrorManager */,
			);
			path = Utility;
			sourceTree = "<group>";
		};
		3E12AFB11AAEDCC600AC4EE0 /* EMDeviceManager */ = {
			isa = PBXGroup;
			children = (
				3E12AFB21AAEDCC600AC4EE0 /* delegates */,
				3E12AFBB1AAEDCC600AC4EE0 /* EMDeviceManagerDefs.h */,
				3E12AFBC1AAEDCC600AC4EE0 /* IDeviceManager.h */,
				3E12AFBD1AAEDCC600AC4EE0 /* internal */,
			);
			path = EMDeviceManager;
			sourceTree = "<group>";
		};
		3E12AFB21AAEDCC600AC4EE0 /* delegates */ = {
			isa = PBXGroup;
			children = (
				3E12AFB31AAEDCC600AC4EE0 /* IDeviceManagerDelegate.h */,
				3E12AFB41AAEDCC600AC4EE0 /* internal */,
			);
			path = delegates;
			sourceTree = "<group>";
		};
		3E12AFB41AAEDCC600AC4EE0 /* internal */ = {
			isa = PBXGroup;
			children = (
				3E12AFB51AAEDCC600AC4EE0 /* EMDeviceManagerDelegate.h */,
				3E12AFB61AAEDCC600AC4EE0 /* EMDeviceManagerDelegateBase.h */,
				3E12AFB71AAEDCC600AC4EE0 /* EMDeviceManagerLocationDelegate.h */,
				3E12AFB81AAEDCC600AC4EE0 /* EMDeviceManagerMediaDelegate.h */,
				3E12AFB91AAEDCC600AC4EE0 /* EMDeviceManagerNetworkDelegate.h */,
				3E12AFBA1AAEDCC600AC4EE0 /* EMDeviceManagerProximitySensorDelegate.h */,
			);
			path = internal;
			sourceTree = "<group>";
		};
		3E12AFBD1AAEDCC600AC4EE0 /* internal */ = {
			isa = PBXGroup;
			children = (
				3E12AFBE1AAEDCC600AC4EE0 /* IDeviceManagerBase.h */,
				3E12AFBF1AAEDCC600AC4EE0 /* IDeviceManagerCamera.h */,
				3E12AFC01AAEDCC600AC4EE0 /* IDeviceManagerDevice.h */,
				3E12AFC11AAEDCC600AC4EE0 /* IDeviceManagerLocation.h */,
				3E12AFC21AAEDCC600AC4EE0 /* IDeviceManagerMedia.h */,
				3E12AFC31AAEDCC600AC4EE0 /* IDeviceManagerProximitySensor.h */,
			);
			path = internal;
			sourceTree = "<group>";
		};
		3E12AFC51AAEDCC600AC4EE0 /* ErrorManager */ = {
			isa = PBXGroup;
			children = (
				3E12AFC61AAEDCC600AC4EE0 /* EMError.h */,
				3E12AFC71AAEDCC600AC4EE0 /* EMErrorDefs.h */,
			);
			path = ErrorManager;
			sourceTree = "<group>";
		};
		3E12AFC81AAEDCC600AC4EE0 /* lib */ = {
			isa = PBXGroup;
			children = (
				3E12AFC91AAEDCC600AC4EE0 /* libEaseMobClientSDKLite.a */,
			);
			path = lib;
			sourceTree = "<group>";
		};
		3E12AFCA1AAEDCC600AC4EE0 /* resources */ = {
			isa = PBXGroup;
			children = (
				3E12AFCB1AAEDCC600AC4EE0 /* EaseMob.bundle */,
			);
			path = resources;
			sourceTree = "<group>";
		};
		41BC70D815BF818D006A0A6C /* mac */ = {
			isa = PBXGroup;
			children = (
				41BC70D915BF81A5006A0A6C /* AppController.h */,
				41BC70DA15BF81A5006A0A6C /* AppController.mm */,
				41BC70DB15BF81A5006A0A6C /* en.lproj */,
				41BC70E115BF81A5006A0A6C /* main.m */,
				41BC70E215BF81A5006A0A6C /* Info.plist */,
				41BC70E315BF81A5006A0A6C /* Prefix.pch */,
			);
			name = mac;
			path = ../Resources;
			sourceTree = "<group>";
		};
		41BC70DB15BF81A5006A0A6C /* en.lproj */ = {
			isa = PBXGroup;
			children = (
				41BC70DC15BF81A5006A0A6C /* InfoPlist.strings */,
				41BC70DE15BF81A5006A0A6C /* MainMenu.xib */,
			);
			path = en.lproj;
			sourceTree = SOURCE_ROOT;
		};
		B00CC5F81978B4C200A62E4C /* Products */ = {
			isa = PBXGroup;
			children = (
				B00CC5FC1978B4C200A62E4C /* libCrossApp.a */,
			);
			name = Products;
			sourceTree = "<group>";
		};
		B00CC6131979302E00A62E4C /* studio */ = {
			isa = PBXGroup;
			children = (
				B00CC6141979302E00A62E4C /* CAStudioViewController.cpp */,
				B00CC6151979302E00A62E4C /* CAStudioViewController.h */,
			);
			name = studio;
			path = extensions/studio;
			sourceTree = "<group>";
		};
		B034080219920FD1005DB179 /* sqlite3 */ = {
			isa = PBXGroup;
			children = (
				B034080419920FD1005DB179 /* include */,
			);
			path = sqlite3;
			sourceTree = "<group>";
		};
		B034080419920FD1005DB179 /* include */ = {
			isa = PBXGroup;
			children = (
				B034080519920FD1005DB179 /* sqlite3.h */,
				B034080619920FD1005DB179 /* sqlite3ext.h */,
			);
			path = include;
			sourceTree = "<group>";
		};
		B04822C319FA42170019F1A7 /* device */ = {
			isa = PBXGroup;
			children = (
				B04822C419FA42170019F1A7 /* CADevice.cpp */,
				B04822C519FA42170019F1A7 /* CADevice.h */,
			);
			path = device;
			sourceTree = "<group>";
		};
		B04C0B9A19011ED8009854FD /* Json */ = {
			isa = PBXGroup;
			children = (
				B04C0B9B19011ED8009854FD /* CSContentJsonDictionary.cpp */,
				B04C0B9C19011ED8009854FD /* CSContentJsonDictionary.h */,
				B04C0B9D19011ED8009854FD /* DictionaryHelper.cpp */,
				B04C0B9E19011ED8009854FD /* DictionaryHelper.h */,
				B04C0B9F19011ED8009854FD /* lib_json */,
			);
			path = Json;
			sourceTree = "<group>";
		};
		B04C0B9F19011ED8009854FD /* lib_json */ = {
			isa = PBXGroup;
			children = (
				B04C0BA019011ED8009854FD /* autolink.h */,
				B04C0BA119011ED8009854FD /* config.h */,
				B04C0BA219011ED8009854FD /* features.h */,
				B04C0BA319011ED8009854FD /* forwards.h */,
				B04C0BA419011ED8009854FD /* json_batchallocator.h */,
				B04C0BA519011ED8009854FD /* json_internalarray.inl */,
				B04C0BA619011ED8009854FD /* json_internalmap.inl */,
				B04C0BA719011ED8009854FD /* json_lib.h */,
				B04C0BA819011ED8009854FD /* json_reader.cpp */,
				B04C0BA919011ED8009854FD /* json_tool.h */,
				B04C0BAA19011ED8009854FD /* json_value.cpp */,
				B04C0BAB19011ED8009854FD /* json_valueiterator.inl */,
				B04C0BAC19011ED8009854FD /* json_writer.cpp */,
				B04C0BAD19011ED8009854FD /* reader.h */,
				B04C0BAE19011ED8009854FD /* sconscript */,
				B04C0BAF19011ED8009854FD /* value.h */,
				B04C0BB019011ED8009854FD /* writer.h */,
			);
			path = lib_json;
			sourceTree = "<group>";
		};
		B04C0BBA19011F33009854FD /* Resources */ = {
			isa = PBXGroup;
			children = (
				B01F7163195166F500BA07A6 /* source_material */,
				B04C0BE619011F42009854FD /* fonts */,
				B03E8FD01938876B00FD9A06 /* HelloWorld.png */,
			);
			name = Resources;
			path = ../Resources;
			sourceTree = "<group>";
		};
/* End PBXGroup section */

/* Begin PBXNativeTarget section */
		1D6058900D05DD3D006BFB54 /* IM */ = {
			isa = PBXNativeTarget;
			buildConfigurationList = 1D6058960D05DD3E006BFB54 /* Build configuration list for PBXNativeTarget "IM" */;
			buildPhases = (
				1D60588D0D05DD3D006BFB54 /* Resources */,
				1D60588E0D05DD3D006BFB54 /* Sources */,
				1D60588F0D05DD3D006BFB54 /* Frameworks */,
			);
			buildRules = (
			);
			dependencies = (
				B00CC5FF1978B4EA00A62E4C /* PBXTargetDependency */,
			);
			name = IM;
			productName = iphone;
			productReference = 1D6058910D05DD3D006BFB54 /* IM.app */;
			productType = "com.apple.product-type.application";
		};
/* End PBXNativeTarget section */

/* Begin PBXProject section */
		29B97313FDCFA39411CA2CEA /* Project object */ = {
			isa = PBXProject;
			attributes = {
				LastUpgradeCheck = 0430;
			};
			buildConfigurationList = C01FCF4E08A954540054247B /* Build configuration list for PBXProject "IM" */;
			compatibilityVersion = "Xcode 3.2";
			developmentRegion = English;
			hasScannedForEncodings = 1;
			knownRegions = (
				English,
				Japanese,
				French,
				German,
				en,
			);
			mainGroup = 29B97314FDCFA39411CA2CEA /* CustomTemplate */;
			projectDirPath = "";
			projectReferences = (
				{
					ProductGroup = B00CC5F81978B4C200A62E4C /* Products */;
					ProjectRef = B00CC5F71978B4C200A62E4C /* CrossApp.xcodeproj */;
				},
			);
			projectRoot = "";
			targets = (
				1D6058900D05DD3D006BFB54 /* IM */,
			);
		};
/* End PBXProject section */

/* Begin PBXReferenceProxy section */
		B00CC5FC1978B4C200A62E4C /* libCrossApp.a */ = {
			isa = PBXReferenceProxy;
			fileType = archive.ar;
			path = libCrossApp.a;
			remoteRef = B00CC5FB1978B4C200A62E4C /* PBXContainerItemProxy */;
			sourceTree = BUILT_PRODUCTS_DIR;
		};
/* End PBXReferenceProxy section */

/* Begin PBXResourcesBuildPhase section */
		1D60588D0D05DD3D006BFB54 /* Resources */ = {
			isa = PBXResourcesBuildPhase;
			buildActionMask = 2147483647;
			files = (
				B04C0BB319011ED8009854FD /* json_internalarray.inl in Resources */,
				B04C0BB419011ED8009854FD /* json_internalmap.inl in Resources */,
				41BC70E515BF81A5006A0A6C /* InfoPlist.strings in Resources */,
				B04C0BE719011F42009854FD /* fonts in Resources */,
				3E12AFCD1AAEDCC600AC4EE0 /* EaseMob.bundle in Resources */,
				B01F7164195166F500BA07A6 /* source_material in Resources */,
				41BC70E615BF81A5006A0A6C /* MainMenu.xib in Resources */,
				B04C0BB719011ED8009854FD /* json_valueiterator.inl in Resources */,
				B03E8FD11938876B00FD9A06 /* HelloWorld.png in Resources */,
				B04C0BB919011ED8009854FD /* sconscript in Resources */,
			);
			runOnlyForDeploymentPostprocessing = 0;
		};
/* End PBXResourcesBuildPhase section */

/* Begin PBXSourcesBuildPhase section */
		1D60588E0D05DD3D006BFB54 /* Sources */ = {
			isa = PBXSourcesBuildPhase;
			buildActionMask = 2147483647;
			files = (
				41BC70E415BF81A5006A0A6C /* AppController.mm in Sources */,
				B047B92819E91D2A00F24BE6 /* DownloadManager.cpp in Sources */,
				3E12AF4F1AAEDB2E00AC4EE0 /* AddHeadForgrand.cpp in Sources */,
				3E12AF591AAEDB2E00AC4EE0 /* IMMyController.cpp in Sources */,
				41BC70E815BF81A5006A0A6C /* main.m in Sources */,
				B04C0BB519011ED8009854FD /* json_reader.cpp in Sources */,
				3E12AF5C1AAEDB2E00AC4EE0 /* IMSetting.cpp in Sources */,
				B04C0BB819011ED8009854FD /* json_writer.cpp in Sources */,
				B04C0BB219011ED8009854FD /* DictionaryHelper.cpp in Sources */,
				3E12AF561AAEDB2E00AC4EE0 /* HXSDKController.cpp in Sources */,
				3E12AF601AAEDB2E00AC4EE0 /* HXSDKHelper.m in Sources */,
				B04C0BB619011ED8009854FD /* json_value.cpp in Sources */,
				3E12AF541AAEDB2E00AC4EE0 /* GroupInfoViewController.cpp in Sources */,
				B00CC5EE1978B3F600A62E4C /* RootWindow.cpp in Sources */,
				15C15946168315E500D239F2 /* HttpClient.cpp in Sources */,
				B04C0BB119011ED8009854FD /* CSContentJsonDictionary.cpp in Sources */,
				15D8B23E168318C3006C7997 /* CDAudioManager.m in Sources */,
				B04C0BEA19011F80009854FD /* AppDelegate.cpp in Sources */,
				3E12AF611AAEDB2E00AC4EE0 /* RootWindow.cpp in Sources */,
				3E12AF511AAEDB2E00AC4EE0 /* TableBase.cpp in Sources */,
				15D8B23F168318C3006C7997 /* CDOpenALSupport.m in Sources */,
				3E12AF5D1AAEDB2E00AC4EE0 /* IMSettingClassify.cpp in Sources */,
				3E12AF621AAEDB2E00AC4EE0 /* SecondViewController.cpp in Sources */,
				15D8B240168318C3006C7997 /* CDXMacOSXSupport.mm in Sources */,
				15D8B241168318C3006C7997 /* CocosDenshion.m in Sources */,
				B00CC6161979302E00A62E4C /* CAStudioViewController.cpp in Sources */,
				15D8B242168318C3006C7997 /* SimpleAudioEngine.mm in Sources */,
				15D8B243168318C3006C7997 /* SimpleAudioEngine_objc.m in Sources */,
				B0AD93B11920790900EA40BB /* FirstViewController.cpp in Sources */,
				3E12AF581AAEDB2E00AC4EE0 /* IMLoginRegister.cpp in Sources */,
				B02A145C190A6A3700C3633B /* CAUIHelper.cpp in Sources */,
				3E12AF521AAEDB2E00AC4EE0 /* TableLanguage.cpp in Sources */,
				B04822D419FA42170019F1A7 /* CADevice.cpp in Sources */,
				3E12AF5B1AAEDB2E00AC4EE0 /* IMSetInfomation.cpp in Sources */,
				3E12AF5F1AAEDB2E00AC4EE0 /* HXSDKControllerIOS.mm in Sources */,
				1A9CE9A51765A7FA000E3062 /* LocalStorage.cpp in Sources */,
				3E12AF631AAEDB2E00AC4EE0 /* ThirdViewController.cpp in Sources */,
				3E12AF5A1AAEDB2E00AC4EE0 /* IMMyInfo.cpp in Sources */,
				1A9CE9A61765A7FA000E3062 /* LocalStorageAndroid.cpp in Sources */,
				3E12AF5E1AAEDB2E00AC4EE0 /* IMTableCell.cpp in Sources */,
				3E12AF551AAEDB2E00AC4EE0 /* HXSDKBuddy.cpp in Sources */,
			);
			runOnlyForDeploymentPostprocessing = 0;
		};
/* End PBXSourcesBuildPhase section */

/* Begin PBXTargetDependency section */
		B00CC5FF1978B4EA00A62E4C /* PBXTargetDependency */ = {
			isa = PBXTargetDependency;
			name = CrossApp;
			targetProxy = B00CC5FE1978B4EA00A62E4C /* PBXContainerItemProxy */;
		};
/* End PBXTargetDependency section */

/* Begin PBXVariantGroup section */
		41BC70DC15BF81A5006A0A6C /* InfoPlist.strings */ = {
			isa = PBXVariantGroup;
			children = (
				41BC70DD15BF81A5006A0A6C /* en */,
			);
			name = InfoPlist.strings;
			sourceTree = "<group>";
		};
		41BC70DE15BF81A5006A0A6C /* MainMenu.xib */ = {
			isa = PBXVariantGroup;
			children = (
				41BC70DF15BF81A5006A0A6C /* en */,
			);
			name = MainMenu.xib;
			sourceTree = "<group>";
		};
/* End PBXVariantGroup section */

/* Begin XCBuildConfiguration section */
		1D6058940D05DD3E006BFB54 /* Debug */ = {
			isa = XCBuildConfiguration;
			buildSettings = {
				ALWAYS_SEARCH_USER_PATHS = NO;
				CODE_SIGN_IDENTITY = "";
				"CODE_SIGN_IDENTITY[sdk=iphoneos*]" = "";
				COPY_PHASE_STRIP = NO;
				GCC_DYNAMIC_NO_PIC = NO;
				GCC_INLINES_ARE_PRIVATE_EXTERN = NO;
				GCC_OPTIMIZATION_LEVEL = 0;
				GCC_PRECOMPILE_PREFIX_HEADER = YES;
				GCC_PREFIX_HEADER = Prefix.pch;
				GCC_PREPROCESSOR_DEFINITIONS = (
					USE_FILE32API,
					CC_TARGET_OS_MAC,
					"COCOS2D_DEBUG=1",
					CC_ENABLE_CHIPMUNK_INTEGRATION,
				);
				GCC_SYMBOLS_PRIVATE_EXTERN = NO;
				GCC_VERSION = "";
				HEADER_SEARCH_PATHS = (
					"$(SRCROOT)/../../../CocosDenshion/include",
					"\"$(SRCROOT)/../../../CrossApp/kazmath/include\"",
					"\"$(SRCROOT)/../../../external\"",
					"\"$(SRCROOT)/../../../extensions\"",
					"\"$(SRCROOT)/../../../CrossApp\"",
					"\"$(SRCROOT)/../../../CrossApp/platform/mac\"",
					"\"$(SRCROOT)/../../../CrossApp/platform/third_party/mac/freetype\"",
				);
				INFOPLIST_FILE = Info.plist;
				LIBRARY_SEARCH_PATHS = (
					"\"$(SRCROOT)/../../../CrossApp/platform/third_party/mac/libraries\"",
					"/Users/liynfg/项目/引擎/CrossApp_beta/extensions/sqlite3/libraries/win32",
					/Users/jerson/Documents/git/CrossApp/projects/IM/Classes/EaseMobSDK/lib,
				);
				MACOSX_DEPLOYMENT_TARGET = 10.6;
				OTHER_CFLAGS = "-O2";
				PRODUCT_NAME = IM;
				SDKROOT = macosx;
				USER_HEADER_SEARCH_PATHS = "";
				VALID_ARCHS = "i386 x86_64";
			};
			name = Debug;
		};
		1D6058950D05DD3E006BFB54 /* Release */ = {
			isa = XCBuildConfiguration;
			buildSettings = {
				ALWAYS_SEARCH_USER_PATHS = NO;
				CODE_SIGN_IDENTITY = "";
				"CODE_SIGN_IDENTITY[sdk=iphoneos*]" = "";
				COPY_PHASE_STRIP = YES;
				GCC_INLINES_ARE_PRIVATE_EXTERN = NO;
				GCC_OPTIMIZATION_LEVEL = 0;
				GCC_PRECOMPILE_PREFIX_HEADER = YES;
				GCC_PREFIX_HEADER = Prefix.pch;
				GCC_PREPROCESSOR_DEFINITIONS = (
					CC_TARGET_OS_MAC,
					USE_FILE32API,
					CC_ENABLE_CHIPMUNK_INTEGRATION,
				);
				GCC_SYMBOLS_PRIVATE_EXTERN = NO;
				GCC_VERSION = "";
				HEADER_SEARCH_PATHS = (
					"$(SRCROOT)/../../../CocosDenshion/include",
					"\"$(SRCROOT)/../../../CrossApp/kazmath/include\"",
					"\"$(SRCROOT)/../../../external\"",
					"\"$(SRCROOT)/../../../extensions\"",
					"\"$(SRCROOT)/../../../CrossApp\"",
					"\"$(SRCROOT)/../../../CrossApp/platform/mac\"",
					"\"$(SRCROOT)/../../../CrossApp/platform/third_party/mac/freetype\"",
				);
				INFOPLIST_FILE = Info.plist;
				LIBRARY_SEARCH_PATHS = (
					"\"$(SRCROOT)/../../../CrossApp/platform/third_party/mac/libraries\"",
					"/Users/liynfg/项目/引擎/CrossApp_beta/extensions/sqlite3/libraries/win32",
					/Users/jerson/Documents/git/CrossApp/projects/IM/Classes/EaseMobSDK/lib,
				);
				MACOSX_DEPLOYMENT_TARGET = 10.6;
				PRODUCT_NAME = IM;
				SDKROOT = macosx;
				USER_HEADER_SEARCH_PATHS = "";
				VALIDATE_PRODUCT = YES;
				VALID_ARCHS = "i386 x86_64";
			};
			name = Release;
		};
		C01FCF4F08A954540054247B /* Debug */ = {
			isa = XCBuildConfiguration;
			buildSettings = {
				ARCHS = "$(ARCHS_STANDARD_32_64_BIT)";
				GCC_C_LANGUAGE_STANDARD = c99;
				GCC_VERSION = "";
				GCC_WARN_ABOUT_RETURN_TYPE = YES;
				GCC_WARN_UNUSED_VARIABLE = YES;
				SDKROOT = macosx;
				VALID_ARCHS = "x86_64 i386";
			};
			name = Debug;
		};
		C01FCF5008A954540054247B /* Release */ = {
			isa = XCBuildConfiguration;
			buildSettings = {
				ARCHS = "$(ARCHS_STANDARD_32_64_BIT)";
				GCC_C_LANGUAGE_STANDARD = c99;
				GCC_VERSION = "";
				GCC_WARN_ABOUT_RETURN_TYPE = YES;
				GCC_WARN_UNUSED_VARIABLE = YES;
				OTHER_CFLAGS = "-DNS_BLOCK_ASSERTIONS=1";
				SDKROOT = macosx;
				VALID_ARCHS = "x86_64 i386";
			};
			name = Release;
		};
/* End XCBuildConfiguration section */

/* Begin XCConfigurationList section */
		1D6058960D05DD3E006BFB54 /* Build configuration list for PBXNativeTarget "IM" */ = {
			isa = XCConfigurationList;
			buildConfigurations = (
				1D6058940D05DD3E006BFB54 /* Debug */,
				1D6058950D05DD3E006BFB54 /* Release */,
			);
			defaultConfigurationIsVisible = 0;
			defaultConfigurationName = Debug;
		};
		C01FCF4E08A954540054247B /* Build configuration list for PBXProject "IM" */ = {
			isa = XCConfigurationList;
			buildConfigurations = (
				C01FCF4F08A954540054247B /* Debug */,
				C01FCF5008A954540054247B /* Release */,
			);
			defaultConfigurationIsVisible = 0;
			defaultConfigurationName = Debug;
		};
/* End XCConfigurationList section */
	};
	rootObject = 29B97313FDCFA39411CA2CEA /* Project object */;
}
